// !$*UTF8*$!
{
	archiveVersion = 1;
	classes = {
	};
	objectVersion = 50;
	objects = {

/* Begin PBXBuildFile section */
		3A7D0C15212B306E00F393CE /* AppDelegate.swift in Sources */ = {isa = PBXBuildFile; fileRef = 3A7D0C14212B306E00F393CE /* AppDelegate.swift */; };
		3A7D0C17212B306E00F393CE /* ViewController.swift in Sources */ = {isa = PBXBuildFile; fileRef = 3A7D0C16212B306E00F393CE /* ViewController.swift */; };
		3A7D0C1A212B306E00F393CE /* Main.storyboard in Resources */ = {isa = PBXBuildFile; fileRef = 3A7D0C18212B306E00F393CE /* Main.storyboard */; };
		3A7D0C1C212B307000F393CE /* Assets.xcassets in Resources */ = {isa = PBXBuildFile; fileRef = 3A7D0C1B212B307000F393CE /* Assets.xcassets */; };
		3A7D0C1F212B307000F393CE /* LaunchScreen.storyboard in Resources */ = {isa = PBXBuildFile; fileRef = 3A7D0C1D212B307000F393CE /* LaunchScreen.storyboard */; };
		3A7D0C2A212B307100F393CE /* MarvelTests.swift in Sources */ = {isa = PBXBuildFile; fileRef = 3A7D0C29212B307100F393CE /* MarvelTests.swift */; };
		3A7D0C35212B307100F393CE /* MarvelUITests.swift in Sources */ = {isa = PBXBuildFile; fileRef = 3A7D0C34212B307100F393CE /* MarvelUITests.swift */; };
/* End PBXBuildFile section */

/* Begin PBXContainerItemProxy section */
		3A7D0C26212B307100F393CE /* PBXContainerItemProxy */ = {
			isa = PBXContainerItemProxy;
			containerPortal = 3A7D0C09212B306E00F393CE /* Project object */;
			proxyType = 1;
			remoteGlobalIDString = 3A7D0C10212B306E00F393CE;
			remoteInfo = Marvel;
		};
		3A7D0C31212B307100F393CE /* PBXContainerItemProxy */ = {
			isa = PBXContainerItemProxy;
			containerPortal = 3A7D0C09212B306E00F393CE /* Project object */;
			proxyType = 1;
			remoteGlobalIDString = 3A7D0C10212B306E00F393CE;
			remoteInfo = Marvel;
		};
/* End PBXContainerItemProxy section */

/* Begin PBXFileReference section */
		3A7D0C11212B306E00F393CE /* Marvel.app */ = {isa = PBXFileReference; explicitFileType = wrapper.application; includeInIndex = 0; path = Marvel.app; sourceTree = BUILT_PRODUCTS_DIR; };
		3A7D0C14212B306E00F393CE /* AppDelegate.swift */ = {isa = PBXFileReference; lastKnownFileType = sourcecode.swift; path = AppDelegate.swift; sourceTree = "<group>"; };
		3A7D0C16212B306E00F393CE /* ViewController.swift */ = {isa = PBXFileReference; lastKnownFileType = sourcecode.swift; path = ViewController.swift; sourceTree = "<group>"; };
		3A7D0C19212B306E00F393CE /* Base */ = {isa = PBXFileReference; lastKnownFileType = file.storyboard; name = Base; path = Base.lproj/Main.storyboard; sourceTree = "<group>"; };
		3A7D0C1B212B307000F393CE /* Assets.xcassets */ = {isa = PBXFileReference; lastKnownFileType = folder.assetcatalog; path = Assets.xcassets; sourceTree = "<group>"; };
		3A7D0C1E212B307000F393CE /* Base */ = {isa = PBXFileReference; lastKnownFileType = file.storyboard; name = Base; path = Base.lproj/LaunchScreen.storyboard; sourceTree = "<group>"; };
		3A7D0C20212B307000F393CE /* Info.plist */ = {isa = PBXFileReference; lastKnownFileType = text.plist.xml; path = Info.plist; sourceTree = "<group>"; };
		3A7D0C25212B307100F393CE /* MarvelTests.xctest */ = {isa = PBXFileReference; explicitFileType = wrapper.cfbundle; includeInIndex = 0; path = MarvelTests.xctest; sourceTree = BUILT_PRODUCTS_DIR; };
		3A7D0C29212B307100F393CE /* MarvelTests.swift */ = {isa = PBXFileReference; lastKnownFileType = sourcecode.swift; path = MarvelTests.swift; sourceTree = "<group>"; };
		3A7D0C2B212B307100F393CE /* Info.plist */ = {isa = PBXFileReference; lastKnownFileType = text.plist.xml; path = Info.plist; sourceTree = "<group>"; };
		3A7D0C30212B307100F393CE /* MarvelUITests.xctest */ = {isa = PBXFileReference; explicitFileType = wrapper.cfbundle; includeInIndex = 0; path = MarvelUITests.xctest; sourceTree = BUILT_PRODUCTS_DIR; };
		3A7D0C34212B307100F393CE /* MarvelUITests.swift */ = {isa = PBXFileReference; lastKnownFileType = sourcecode.swift; path = MarvelUITests.swift; sourceTree = "<group>"; };
		3A7D0C36212B307100F393CE /* Info.plist */ = {isa = PBXFileReference; lastKnownFileType = text.plist.xml; path = Info.plist; sourceTree = "<group>"; };
/* End PBXFileReference section */

/* Begin PBXFrameworksBuildPhase section */
		3A7D0C0E212B306E00F393CE /* Frameworks */ = {
			isa = PBXFrameworksBuildPhase;
			buildActionMask = 2147483647;
			files = (
			);
			runOnlyForDeploymentPostprocessing = 0;
		};
		3A7D0C22212B307100F393CE /* Frameworks */ = {
			isa = PBXFrameworksBuildPhase;
			buildActionMask = 2147483647;
			files = (
			);
			runOnlyForDeploymentPostprocessing = 0;
		};
		3A7D0C2D212B307100F393CE /* Frameworks */ = {
			isa = PBXFrameworksBuildPhase;
			buildActionMask = 2147483647;
			files = (
			);
			runOnlyForDeploymentPostprocessing = 0;
		};
/* End PBXFrameworksBuildPhase section */

/* Begin PBXGroup section */
		3A7D0C08212B306E00F393CE = {
			isa = PBXGroup;
			children = (
				3A7D0C13212B306E00F393CE /* Marvel */,
				3A7D0C28212B307100F393CE /* MarvelTests */,
				3A7D0C33212B307100F393CE /* MarvelUITests */,
				3A7D0C12212B306E00F393CE /* Products */,
			);
			sourceTree = "<group>";
		};
		3A7D0C12212B306E00F393CE /* Products */ = {
			isa = PBXGroup;
			children = (
				3A7D0C11212B306E00F393CE /* Marvel.app */,
				3A7D0C25212B307100F393CE /* MarvelTests.xctest */,
				3A7D0C30212B307100F393CE /* MarvelUITests.xctest */,
			);
			name = Products;
			sourceTree = "<group>";
		};
		3A7D0C13212B306E00F393CE /* Marvel */ = {
			isa = PBXGroup;
			children = (
				3A7D0C14212B306E00F393CE /* AppDelegate.swift */,
				3A7D0C16212B306E00F393CE /* ViewController.swift */,
				3A7D0C18212B306E00F393CE /* Main.storyboard */,
				3A7D0C1B212B307000F393CE /* Assets.xcassets */,
				3A7D0C1D212B307000F393CE /* LaunchScreen.storyboard */,
				3A7D0C20212B307000F393CE /* Info.plist */,
			);
			path = Marvel;
			sourceTree = "<group>";
		};
		3A7D0C28212B307100F393CE /* MarvelTests */ = {
			isa = PBXGroup;
			children = (
				3A7D0C29212B307100F393CE /* MarvelTests.swift */,
				3A7D0C2B212B307100F393CE /* Info.plist */,
			);
			path = MarvelTests;
			sourceTree = "<group>";
		};
		3A7D0C33212B307100F393CE /* MarvelUITests */ = {
			isa = PBXGroup;
			children = (
				3A7D0C34212B307100F393CE /* MarvelUITests.swift */,
				3A7D0C36212B307100F393CE /* Info.plist */,
			);
			path = MarvelUITests;
			sourceTree = "<group>";
		};
/* End PBXGroup section */

/* Begin PBXNativeTarget section */
		3A7D0C10212B306E00F393CE /* Marvel */ = {
			isa = PBXNativeTarget;
			buildConfigurationList = 3A7D0C39212B307100F393CE /* Build configuration list for PBXNativeTarget "Marvel" */;
			buildPhases = (
				3A7D0C0D212B306E00F393CE /* Sources */,
				3A7D0C0E212B306E00F393CE /* Frameworks */,
				3A7D0C0F212B306E00F393CE /* Resources */,
			);
			buildRules = (
			);
			dependencies = (
			);
			name = Marvel;
			productName = Marvel;
			productReference = 3A7D0C11212B306E00F393CE /* Marvel.app */;
			productType = "com.apple.product-type.application";
		};
		3A7D0C24212B307100F393CE /* MarvelTests */ = {
			isa = PBXNativeTarget;
			buildConfigurationList = 3A7D0C3C212B307100F393CE /* Build configuration list for PBXNativeTarget "MarvelTests" */;
			buildPhases = (
				3A7D0C21212B307100F393CE /* Sources */,
				3A7D0C22212B307100F393CE /* Frameworks */,
				3A7D0C23212B307100F393CE /* Resources */,
			);
			buildRules = (
			);
			dependencies = (
				3A7D0C27212B307100F393CE /* PBXTargetDependency */,
			);
			name = MarvelTests;
			productName = MarvelTests;
			productReference = 3A7D0C25212B307100F393CE /* MarvelTests.xctest */;
			productType = "com.apple.product-type.bundle.unit-test";
		};
		3A7D0C2F212B307100F393CE /* MarvelUITests */ = {
			isa = PBXNativeTarget;
			buildConfigurationList = 3A7D0C3F212B307100F393CE /* Build configuration list for PBXNativeTarget "MarvelUITests" */;
			buildPhases = (
				3A7D0C2C212B307100F393CE /* Sources */,
				3A7D0C2D212B307100F393CE /* Frameworks */,
				3A7D0C2E212B307100F393CE /* Resources */,
			);
			buildRules = (
			);
			dependencies = (
				3A7D0C32212B307100F393CE /* PBXTargetDependency */,
			);
			name = MarvelUITests;
			productName = MarvelUITests;
			productReference = 3A7D0C30212B307100F393CE /* MarvelUITests.xctest */;
			productType = "com.apple.product-type.bundle.ui-testing";
		};
/* End PBXNativeTarget section */

/* Begin PBXProject section */
		3A7D0C09212B306E00F393CE /* Project object */ = {
			isa = PBXProject;
			attributes = {
				LastSwiftUpdateCheck = 0940;
				LastUpgradeCheck = 0940;
				ORGANIZATIONNAME = msluz;
				TargetAttributes = {
					3A7D0C10212B306E00F393CE = {
						CreatedOnToolsVersion = 9.4.1;
					};
					3A7D0C24212B307100F393CE = {
						CreatedOnToolsVersion = 9.4.1;
						TestTargetID = 3A7D0C10212B306E00F393CE;
					};
					3A7D0C2F212B307100F393CE = {
						CreatedOnToolsVersion = 9.4.1;
						TestTargetID = 3A7D0C10212B306E00F393CE;
					};
				};
			};
			buildConfigurationList = 3A7D0C0C212B306E00F393CE /* Build configuration list for PBXProject "Marvel" */;
			compatibilityVersion = "Xcode 9.3";
			developmentRegion = en;
			hasScannedForEncodings = 0;
			knownRegions = (
				en,
				Base,
			);
			mainGroup = 3A7D0C08212B306E00F393CE;
			productRefGroup = 3A7D0C12212B306E00F393CE /* Products */;
			projectDirPath = "";
			projectRoot = "";
			targets = (
				3A7D0C10212B306E00F393CE /* Marvel */,
				3A7D0C24212B307100F393CE /* MarvelTests */,
				3A7D0C2F212B307100F393CE /* MarvelUITests */,
			);
		};
/* End PBXProject section */

/* Begin PBXResourcesBuildPhase section */
		3A7D0C0F212B306E00F393CE /* Resources */ = {
			isa = PBXResourcesBuildPhase;
			buildActionMask = 2147483647;
			files = (
				3A7D0C1F212B307000F393CE /* LaunchScreen.storyboard in Resources */,
				3A7D0C1C212B307000F393CE /* Assets.xcassets in Resources */,
				3A7D0C1A212B306E00F393CE /* Main.storyboard in Resources */,
			);
			runOnlyForDeploymentPostprocessing = 0;
		};
		3A7D0C23212B307100F393CE /* Resources */ = {
			isa = PBXResourcesBuildPhase;
			buildActionMask = 2147483647;
			files = (
			);
			runOnlyForDeploymentPostprocessing = 0;
		};
		3A7D0C2E212B307100F393CE /* Resources */ = {
			isa = PBXResourcesBuildPhase;
			buildActionMask = 2147483647;
			files = (
			);
			runOnlyForDeploymentPostprocessing = 0;
		};
/* End PBXResourcesBuildPhase section */

/* Begin PBXSourcesBuildPhase section */
		3A7D0C0D212B306E00F393CE /* Sources */ = {
			isa = PBXSourcesBuildPhase;
			buildActionMask = 2147483647;
			files = (
				3A7D0C17212B306E00F393CE /* ViewController.swift in Sources */,
				3A7D0C15212B306E00F393CE /* AppDelegate.swift in Sources */,
			);
			runOnlyForDeploymentPostprocessing = 0;
		};
		3A7D0C21212B307100F393CE /* Sources */ = {
			isa = PBXSourcesBuildPhase;
			buildActionMask = 2147483647;
			files = (
				3A7D0C2A212B307100F393CE /* MarvelTests.swift in Sources */,
			);
			runOnlyForDeploymentPostprocessing = 0;
		};
		3A7D0C2C212B307100F393CE /* Sources */ = {
			isa = PBXSourcesBuildPhase;
			buildActionMask = 2147483647;
			files = (
				3A7D0C35212B307100F393CE /* MarvelUITests.swift in Sources */,
			);
			runOnlyForDeploymentPostprocessing = 0;
		};
/* End PBXSourcesBuildPhase section */

/* Begin PBXTargetDependency section */
		3A7D0C27212B307100F393CE /* PBXTargetDependency */ = {
			isa = PBXTargetDependency;
			target = 3A7D0C10212B306E00F393CE /* Marvel */;
			targetProxy = 3A7D0C26212B307100F393CE /* PBXContainerItemProxy */;
		};
		3A7D0C32212B307100F393CE /* PBXTargetDependency */ = {
			isa = PBXTargetDependency;
			target = 3A7D0C10212B306E00F393CE /* Marvel */;
			targetProxy = 3A7D0C31212B307100F393CE /* PBXContainerItemProxy */;
		};
/* End PBXTargetDependency section */

/* Begin PBXVariantGroup section */
		3A7D0C18212B306E00F393CE /* Main.storyboard */ = {
			isa = PBXVariantGroup;
			children = (
				3A7D0C19212B306E00F393CE /* Base */,
			);
			name = Main.storyboard;
			sourceTree = "<group>";
		};
		3A7D0C1D212B307000F393CE /* LaunchScreen.storyboard */ = {
			isa = PBXVariantGroup;
			children = (
				3A7D0C1E212B307000F393CE /* Base */,
			);
			name = LaunchScreen.storyboard;
			sourceTree = "<group>";
		};
/* End PBXVariantGroup section */

/* Begin XCBuildConfiguration section */
		3A7D0C37212B307100F393CE /* Debug */ = {
			isa = XCBuildConfiguration;
			buildSettings = {
				ALWAYS_SEARCH_USER_PATHS = NO;
				CLANG_ANALYZER_NONNULL = YES;
				CLANG_ANALYZER_NUMBER_OBJECT_CONVERSION = YES_AGGRESSIVE;
				CLANG_CXX_LANGUAGE_STANDARD = "gnu++14";
				CLANG_CXX_LIBRARY = "libc++";
				CLANG_ENABLE_MODULES = YES;
				CLANG_ENABLE_OBJC_ARC = YES;
				CLANG_ENABLE_OBJC_WEAK = YES;
				CLANG_WARN_BLOCK_CAPTURE_AUTORELEASING = YES;
				CLANG_WARN_BOOL_CONVERSION = YES;
				CLANG_WARN_COMMA = YES;
				CLANG_WARN_CONSTANT_CONVERSION = YES;
				CLANG_WARN_DEPRECATED_OBJC_IMPLEMENTATIONS = YES;
				CLANG_WARN_DIRECT_OBJC_ISA_USAGE = YES_ERROR;
				CLANG_WARN_DOCUMENTATION_COMMENTS = YES;
				CLANG_WARN_EMPTY_BODY = YES;
				CLANG_WARN_ENUM_CONVERSION = YES;
				CLANG_WARN_INFINITE_RECURSION = YES;
				CLANG_WARN_INT_CONVERSION = YES;
				CLANG_WARN_NON_LITERAL_NULL_CONVERSION = YES;
				CLANG_WARN_OBJC_IMPLICIT_RETAIN_SELF = YES;
				CLANG_WARN_OBJC_LITERAL_CONVERSION = YES;
				CLANG_WARN_OBJC_ROOT_CLASS = YES_ERROR;
				CLANG_WARN_RANGE_LOOP_ANALYSIS = YES;
				CLANG_WARN_STRICT_PROTOTYPES = YES;
				CLANG_WARN_SUSPICIOUS_MOVE = YES;
				CLANG_WARN_UNGUARDED_AVAILABILITY = YES_AGGRESSIVE;
				CLANG_WARN_UNREACHABLE_CODE = YES;
				CLANG_WARN__DUPLICATE_METHOD_MATCH = YES;
				CODE_SIGN_IDENTITY = "iPhone Developer";
				COPY_PHASE_STRIP = NO;
				DEBUG_INFORMATION_FORMAT = dwarf;
				ENABLE_STRICT_OBJC_MSGSEND = YES;
				ENABLE_TESTABILITY = YES;
				GCC_C_LANGUAGE_STANDARD = gnu11;
				GCC_DYNAMIC_NO_PIC = NO;
				GCC_NO_COMMON_BLOCKS = YES;
				GCC_OPTIMIZATION_LEVEL = 0;
				GCC_PREPROCESSOR_DEFINITIONS = (
					"DEBUG=1",
					"$(inherited)",
				);
				GCC_WARN_64_TO_32_BIT_CONVERSION = YES;
				GCC_WARN_ABOUT_RETURN_TYPE = YES_ERROR;
				GCC_WARN_UNDECLARED_SELECTOR = YES;
				GCC_WARN_UNINITIALIZED_AUTOS = YES_AGGRESSIVE;
				GCC_WARN_UNUSED_FUNCTION = YES;
				GCC_WARN_UNUSED_VARIABLE = YES;
				IPHONEOS_DEPLOYMENT_TARGET = 11.4;
				MTL_ENABLE_DEBUG_INFO = YES;
				ONLY_ACTIVE_ARCH = YES;
				SDKROOT = iphoneos;
				SWIFT_ACTIVE_COMPILATION_CONDITIONS = DEBUG;
				SWIFT_OPTIMIZATION_LEVEL = "-Onone";
			};
			name = Debug;
		};
		3A7D0C38212B307100F393CE /* Release */ = {
			isa = XCBuildConfiguration;
			buildSettings = {
				ALWAYS_SEARCH_USER_PATHS = NO;
				CLANG_ANALYZER_NONNULL = YES;
				CLANG_ANALYZER_NUMBER_OBJECT_CONVERSION = YES_AGGRESSIVE;
				CLANG_CXX_LANGUAGE_STANDARD = "gnu++14";
				CLANG_CXX_LIBRARY = "libc++";
				CLANG_ENABLE_MODULES = YES;
				CLANG_ENABLE_OBJC_ARC = YES;
				CLANG_ENABLE_OBJC_WEAK = YES;
				CLANG_WARN_BLOCK_CAPTURE_AUTORELEASING = YES;
				CLANG_WARN_BOOL_CONVERSION = YES;
				CLANG_WARN_COMMA = YES;
				CLANG_WARN_CONSTANT_CONVERSION = YES;
				CLANG_WARN_DEPRECATED_OBJC_IMPLEMENTATIONS = YES;
				CLANG_WARN_DIRECT_OBJC_ISA_USAGE = YES_ERROR;
				CLANG_WARN_DOCUMENTATION_COMMENTS = YES;
				CLANG_WARN_EMPTY_BODY = YES;
				CLANG_WARN_ENUM_CONVERSION = YES;
				CLANG_WARN_INFINITE_RECURSION = YES;
				CLANG_WARN_INT_CONVERSION = YES;
				CLANG_WARN_NON_LITERAL_NULL_CONVERSION = YES;
				CLANG_WARN_OBJC_IMPLICIT_RETAIN_SELF = YES;
				CLANG_WARN_OBJC_LITERAL_CONVERSION = YES;
				CLANG_WARN_OBJC_ROOT_CLASS = YES_ERROR;
				CLANG_WARN_RANGE_LOOP_ANALYSIS = YES;
				CLANG_WARN_STRICT_PROTOTYPES = YES;
				CLANG_WARN_SUSPICIOUS_MOVE = YES;
				CLANG_WARN_UNGUARDED_AVAILABILITY = YES_AGGRESSIVE;
				CLANG_WARN_UNREACHABLE_CODE = YES;
				CLANG_WARN__DUPLICATE_METHOD_MATCH = YES;
				CODE_SIGN_IDENTITY = "iPhone Developer";
				COPY_PHASE_STRIP = NO;
				DEBUG_INFORMATION_FORMAT = "dwarf-with-dsym";
				ENABLE_NS_ASSERTIONS = NO;
				ENABLE_STRICT_OBJC_MSGSEND = YES;
				GCC_C_LANGUAGE_STANDARD = gnu11;
				GCC_NO_COMMON_BLOCKS = YES;
				GCC_WARN_64_TO_32_BIT_CONVERSION = YES;
				GCC_WARN_ABOUT_RETURN_TYPE = YES_ERROR;
				GCC_WARN_UNDECLARED_SELECTOR = YES;
				GCC_WARN_UNINITIALIZED_AUTOS = YES_AGGRESSIVE;
				GCC_WARN_UNUSED_FUNCTION = YES;
				GCC_WARN_UNUSED_VARIABLE = YES;
				IPHONEOS_DEPLOYMENT_TARGET = 11.4;
				MTL_ENABLE_DEBUG_INFO = NO;
				SDKROOT = iphoneos;
				SWIFT_COMPILATION_MODE = wholemodule;
				SWIFT_OPTIMIZATION_LEVEL = "-O";
				VALIDATE_PRODUCT = YES;
			};
			name = Release;
		};
		3A7D0C3A212B307100F393CE /* Debug */ = {
			isa = XCBuildConfiguration;
			buildSettings = {
				ASSETCATALOG_COMPILER_APPICON_NAME = AppIcon;
				CODE_SIGN_STYLE = Automatic;
				INFOPLIST_FILE = Marvel/Info.plist;
				LD_RUNPATH_SEARCH_PATHS = (
					"$(inherited)",
					"@executable_path/Frameworks",
				);
				PRODUCT_BUNDLE_IDENTIFIER = msluz.Marvel;
				PRODUCT_NAME = "$(TARGET_NAME)";
				SWIFT_VERSION = 4.0;
				TARGETED_DEVICE_FAMILY = "1,2";
			};
			name = Debug;
		};
		3A7D0C3B212B307100F393CE /* Release */ = {
			isa = XCBuildConfiguration;
			buildSettings = {
				ASSETCATALOG_COMPILER_APPICON_NAME = AppIcon;
				CODE_SIGN_STYLE = Automatic;
				INFOPLIST_FILE = Marvel/Info.plist;
				LD_RUNPATH_SEARCH_PATHS = (
					"$(inherited)",
					"@executable_path/Frameworks",
				);
				PRODUCT_BUNDLE_IDENTIFIER = msluz.Marvel;
				PRODUCT_NAME = "$(TARGET_NAME)";
				SWIFT_VERSION = 4.0;
				TARGETED_DEVICE_FAMILY = "1,2";
			};
			name = Release;
		};
		3A7D0C3D212B307100F393CE /* Debug */ = {
			isa = XCBuildConfiguration;
			buildSettings = {
				ALWAYS_EMBED_SWIFT_STANDARD_LIBRARIES = YES;
				BUNDLE_LOADER = "$(TEST_HOST)";
				CODE_SIGN_STYLE = Automatic;
				INFOPLIST_FILE = MarvelTests/Info.plist;
				LD_RUNPATH_SEARCH_PATHS = (
					"$(inherited)",
					"@executable_path/Frameworks",
					"@loader_path/Frameworks",
				);
				PRODUCT_BUNDLE_IDENTIFIER = msluz.MarvelTests;
				PRODUCT_NAME = "$(TARGET_NAME)";
				SWIFT_VERSION = 4.0;
				TARGETED_DEVICE_FAMILY = "1,2";
				TEST_HOST = "$(BUILT_PRODUCTS_DIR)/Marvel.app/Marvel";
			};
			name = Debug;
		};
		3A7D0C3E212B307100F393CE /* Release */ = {
			isa = XCBuildConfiguration;
			buildSettings = {
				ALWAYS_EMBED_SWIFT_STANDARD_LIBRARIES = YES;
				BUNDLE_LOADER = "$(TEST_HOST)";
				CODE_SIGN_STYLE = Automatic;
				INFOPLIST_FILE = MarvelTests/Info.plist;
				LD_RUNPATH_SEARCH_PATHS = (
					"$(inherited)",
					"@executable_path/Frameworks",
					"@loader_path/Frameworks",
				);
				PRODUCT_BUNDLE_IDENTIFIER = msluz.MarvelTests;
				PRODUCT_NAME = "$(TARGET_NAME)";
				SWIFT_VERSION = 4.0;
				TARGETED_DEVICE_FAMILY = "1,2";
				TEST_HOST = "$(BUILT_PRODUCTS_DIR)/Marvel.app/Marvel";
			};
			name = Release;
		};
		3A7D0C40212B307100F393CE /* Debug */ = {
			isa = XCBuildConfiguration;
			buildSettings = {
				ALWAYS_EMBED_SWIFT_STANDARD_LIBRARIES = YES;
				CODE_SIGN_STYLE = Automatic;
				INFOPLIST_FILE = MarvelUITests/Info.plist;
				LD_RUNPATH_SEARCH_PATHS = (
					"$(inherited)",
					"@executable_path/Frameworks",
					"@loader_path/Frameworks",
				);
				PRODUCT_BUNDLE_IDENTIFIER = msluz.MarvelUITests;
				PRODUCT_NAME = "$(TARGET_NAME)";
				SWIFT_VERSION = 4.0;
				TARGETED_DEVICE_FAMILY = "1,2";
				TEST_TARGET_NAME = Marvel;
			};
			name = Debug;
		};
		3A7D0C41212B307100F393CE /* Release */ = {
			isa = XCBuildConfiguration;
			buildSettings = {
				ALWAYS_EMBED_SWIFT_STANDARD_LIBRARIES = YES;
				CODE_SIGN_STYLE = Automatic;
				INFOPLIST_FILE = MarvelUITests/Info.plist;
				LD_RUNPATH_SEARCH_PATHS = (
					"$(inherited)",
					"@executable_path/Frameworks",
					"@loader_path/Frameworks",
				);
				PRODUCT_BUNDLE_IDENTIFIER = msluz.MarvelUITests;
				PRODUCT_NAME = "$(TARGET_NAME)";
				SWIFT_VERSION = 4.0;
				TARGETED_DEVICE_FAMILY = "1,2";
				TEST_TARGET_NAME = Marvel;
			};
			name = Release;
		};
/* End XCBuildConfiguration section */

/* Begin XCConfigurationList section */
		3A7D0C0C212B306E00F393CE /* Build configuration list for PBXProject "Marvel" */ = {
			isa = XCConfigurationList;
			buildConfigurations = (
				3A7D0C37212B307100F393CE /* Debug */,
				3A7D0C38212B307100F393CE /* Release */,
			);
			defaultConfigurationIsVisible = 0;
			defaultConfigurationName = Release;
		};
		3A7D0C39212B307100F393CE /* Build configuration list for PBXNativeTarget "Marvel" */ = {
			isa = XCConfigurationList;
			buildConfigurations = (
				3A7D0C3A212B307100F393CE /* Debug */,
				3A7D0C3B212B307100F393CE /* Release */,
			);
			defaultConfigurationIsVisible = 0;
			defaultConfigurationName = Release;
		};
		3A7D0C3C212B307100F393CE /* Build configuration list for PBXNativeTarget "MarvelTests" */ = {
			isa = XCConfigurationList;
			buildConfigurations = (
				3A7D0C3D212B307100F393CE /* Debug */,
				3A7D0C3E212B307100F393CE /* Release */,
			);
			defaultConfigurationIsVisible = 0;
			defaultConfigurationName = Release;
		};
		3A7D0C3F212B307100F393CE /* Build configuration list for PBXNativeTarget "MarvelUITests" */ = {
			isa = XCConfigurationList;
			buildConfigurations = (
				3A7D0C40212B307100F393CE /* Debug */,
				3A7D0C41212B307100F393CE /* Release */,
			);
			defaultConfigurationIsVisible = 0;
			defaultConfigurationName = Release;
		};
/* End XCConfigurationList section */
	};
	rootObject = 3A7D0C09212B306E00F393CE /* Project object */;
}
