// !$*UTF8*$!
{
	archiveVersion = 1;
	classes = {
	};
	objectVersion = 50;
	objects = {

/* Begin PBXBuildFile section */
		3A7D0C15212B306E00F393CE /* AppDelegate.swift in Sources */ = {isa = PBXBuildFile; fileRef = 3A7D0C14212B306E00F393CE /* AppDelegate.swift */; };
		3A7D0C1C212B307000F393CE /* Assets.xcassets in Resources */ = {isa = PBXBuildFile; fileRef = 3A7D0C1B212B307000F393CE /* Assets.xcassets */; };
		3A7D0C1F212B307000F393CE /* LaunchScreen.storyboard in Resources */ = {isa = PBXBuildFile; fileRef = 3A7D0C1D212B307000F393CE /* LaunchScreen.storyboard */; };
		3A7D0C2A212B307100F393CE /* MarvelTests.swift in Sources */ = {isa = PBXBuildFile; fileRef = 3A7D0C29212B307100F393CE /* MarvelTests.swift */; };
		3A7D0C35212B307100F393CE /* MarvelUITests.swift in Sources */ = {isa = PBXBuildFile; fileRef = 3A7D0C34212B307100F393CE /* MarvelUITests.swift */; };
		3A7D0C67212B3FB800F393CE /* APIWorker.swift in Sources */ = {isa = PBXBuildFile; fileRef = 3A7D0C66212B3FB800F393CE /* APIWorker.swift */; };
		3A7D0C68212B3FB800F393CE /* APIWorker.swift in Sources */ = {isa = PBXBuildFile; fileRef = 3A7D0C66212B3FB800F393CE /* APIWorker.swift */; };
		3A7D0C69212B3FB800F393CE /* APIWorker.swift in Sources */ = {isa = PBXBuildFile; fileRef = 3A7D0C66212B3FB800F393CE /* APIWorker.swift */; };
		3A7D0C6B212B3FCC00F393CE /* APIConfig.swift in Sources */ = {isa = PBXBuildFile; fileRef = 3A7D0C6A212B3FCC00F393CE /* APIConfig.swift */; };
		3A7D0C6C212B3FCC00F393CE /* APIConfig.swift in Sources */ = {isa = PBXBuildFile; fileRef = 3A7D0C6A212B3FCC00F393CE /* APIConfig.swift */; };
		3A7D0C6D212B3FCC00F393CE /* APIConfig.swift in Sources */ = {isa = PBXBuildFile; fileRef = 3A7D0C6A212B3FCC00F393CE /* APIConfig.swift */; };
		3A7D0C70212B41F700F393CE /* Alamofire.framework in Frameworks */ = {isa = PBXBuildFile; fileRef = 3A7D0C6F212B41F700F393CE /* Alamofire.framework */; };
		3A7D0C71212B41F700F393CE /* Alamofire.framework in Frameworks */ = {isa = PBXBuildFile; fileRef = 3A7D0C6F212B41F700F393CE /* Alamofire.framework */; };
		3A7D0C72212B41F700F393CE /* Alamofire.framework in Frameworks */ = {isa = PBXBuildFile; fileRef = 3A7D0C6F212B41F700F393CE /* Alamofire.framework */; };
		3A7D0C74212B41FE00F393CE /* Kingfisher.framework in Frameworks */ = {isa = PBXBuildFile; fileRef = 3A7D0C73212B41FD00F393CE /* Kingfisher.framework */; };
		3A7D0C75212B41FE00F393CE /* Kingfisher.framework in Frameworks */ = {isa = PBXBuildFile; fileRef = 3A7D0C73212B41FD00F393CE /* Kingfisher.framework */; };
		3A7D0C76212B41FE00F393CE /* Kingfisher.framework in Frameworks */ = {isa = PBXBuildFile; fileRef = 3A7D0C73212B41FD00F393CE /* Kingfisher.framework */; };
		3A7D0C78212B421700F393CE /* Kingfisher.framework in Copy Frameworks */ = {isa = PBXBuildFile; fileRef = 3A7D0C73212B41FD00F393CE /* Kingfisher.framework */; settings = {ATTRIBUTES = (CodeSignOnCopy, RemoveHeadersOnCopy, ); }; };
		3A7D0C79212B421A00F393CE /* Alamofire.framework in Copy Frameworks */ = {isa = PBXBuildFile; fileRef = 3A7D0C6F212B41F700F393CE /* Alamofire.framework */; settings = {ATTRIBUTES = (CodeSignOnCopy, RemoveHeadersOnCopy, ); }; };
		3A7D0C7C212B42AC00F393CE /* Constants.swift in Sources */ = {isa = PBXBuildFile; fileRef = 3A7D0C7B212B42AC00F393CE /* Constants.swift */; };
		3A7D0C7D212B42AC00F393CE /* Constants.swift in Sources */ = {isa = PBXBuildFile; fileRef = 3A7D0C7B212B42AC00F393CE /* Constants.swift */; };
		3A7D0C7E212B42AC00F393CE /* Constants.swift in Sources */ = {isa = PBXBuildFile; fileRef = 3A7D0C7B212B42AC00F393CE /* Constants.swift */; };
		3A7D0C82212B432E00F393CE /* CharactersAPI.swift in Sources */ = {isa = PBXBuildFile; fileRef = 3A7D0C81212B432E00F393CE /* CharactersAPI.swift */; };
		3A7D0C83212B432E00F393CE /* CharactersAPI.swift in Sources */ = {isa = PBXBuildFile; fileRef = 3A7D0C81212B432E00F393CE /* CharactersAPI.swift */; };
		3A7D0C84212B432E00F393CE /* CharactersAPI.swift in Sources */ = {isa = PBXBuildFile; fileRef = 3A7D0C81212B432E00F393CE /* CharactersAPI.swift */; };
		3A7D0C86212B435D00F393CE /* CharactersRoutes.swift in Sources */ = {isa = PBXBuildFile; fileRef = 3A7D0C85212B435D00F393CE /* CharactersRoutes.swift */; };
		3A7D0C87212B435D00F393CE /* CharactersRoutes.swift in Sources */ = {isa = PBXBuildFile; fileRef = 3A7D0C85212B435D00F393CE /* CharactersRoutes.swift */; };
		3A7D0C88212B435D00F393CE /* CharactersRoutes.swift in Sources */ = {isa = PBXBuildFile; fileRef = 3A7D0C85212B435D00F393CE /* CharactersRoutes.swift */; };
		3A7D0C8B212B4D2E00F393CE /* String+MD5.swift in Sources */ = {isa = PBXBuildFile; fileRef = 3A7D0C8A212B4D2E00F393CE /* String+MD5.swift */; };
		3A7D0C8C212B4D2E00F393CE /* String+MD5.swift in Sources */ = {isa = PBXBuildFile; fileRef = 3A7D0C8A212B4D2E00F393CE /* String+MD5.swift */; };
		3A7D0C8D212B4D2E00F393CE /* String+MD5.swift in Sources */ = {isa = PBXBuildFile; fileRef = 3A7D0C8A212B4D2E00F393CE /* String+MD5.swift */; };
		3A7D0C99212B503600F393CE /* Character.swift in Sources */ = {isa = PBXBuildFile; fileRef = 3A7D0C98212B503600F393CE /* Character.swift */; };
		3A7D0C9A212B503600F393CE /* Character.swift in Sources */ = {isa = PBXBuildFile; fileRef = 3A7D0C98212B503600F393CE /* Character.swift */; };
		3A7D0C9B212B503600F393CE /* Character.swift in Sources */ = {isa = PBXBuildFile; fileRef = 3A7D0C98212B503600F393CE /* Character.swift */; };
		3A7D0C9D212C144C00F393CE /* Characters.swift in Sources */ = {isa = PBXBuildFile; fileRef = 3A7D0C9C212C144C00F393CE /* Characters.swift */; };
		3A7D0C9E212C144C00F393CE /* Characters.swift in Sources */ = {isa = PBXBuildFile; fileRef = 3A7D0C9C212C144C00F393CE /* Characters.swift */; };
		3A7D0C9F212C144C00F393CE /* Characters.swift in Sources */ = {isa = PBXBuildFile; fileRef = 3A7D0C9C212C144C00F393CE /* Characters.swift */; };
		3A7D0CA2212C181000F393CE /* CharactersViewModel.swift in Sources */ = {isa = PBXBuildFile; fileRef = 3A7D0CA1212C181000F393CE /* CharactersViewModel.swift */; };
		3A7D0CA3212C181000F393CE /* CharactersViewModel.swift in Sources */ = {isa = PBXBuildFile; fileRef = 3A7D0CA1212C181000F393CE /* CharactersViewModel.swift */; };
		3A7D0CA4212C181000F393CE /* CharactersViewModel.swift in Sources */ = {isa = PBXBuildFile; fileRef = 3A7D0CA1212C181000F393CE /* CharactersViewModel.swift */; };
		3A7D0CAD212C20CE00F393CE /* CharactersViewController.swift in Sources */ = {isa = PBXBuildFile; fileRef = 3A7D0CAB212C20CE00F393CE /* CharactersViewController.swift */; };
		3A7D0CAE212C20CE00F393CE /* CharactersViewController.swift in Sources */ = {isa = PBXBuildFile; fileRef = 3A7D0CAB212C20CE00F393CE /* CharactersViewController.swift */; };
		3A7D0CAF212C20CE00F393CE /* CharactersViewController.swift in Sources */ = {isa = PBXBuildFile; fileRef = 3A7D0CAB212C20CE00F393CE /* CharactersViewController.swift */; };
		3A7D0CB0212C20CE00F393CE /* CharactersViewController.xib in Resources */ = {isa = PBXBuildFile; fileRef = 3A7D0CAC212C20CE00F393CE /* CharactersViewController.xib */; };
		3A7D0CB1212C20CE00F393CE /* CharactersViewController.xib in Resources */ = {isa = PBXBuildFile; fileRef = 3A7D0CAC212C20CE00F393CE /* CharactersViewController.xib */; };
		3A7D0CB2212C20CE00F393CE /* CharactersViewController.xib in Resources */ = {isa = PBXBuildFile; fileRef = 3A7D0CAC212C20CE00F393CE /* CharactersViewController.xib */; };
		3A7D0CB6212C22A600F393CE /* CharactersCollectionViewCell.swift in Sources */ = {isa = PBXBuildFile; fileRef = 3A7D0CB4212C22A600F393CE /* CharactersCollectionViewCell.swift */; };
		3A7D0CB7212C22A600F393CE /* CharactersCollectionViewCell.swift in Sources */ = {isa = PBXBuildFile; fileRef = 3A7D0CB4212C22A600F393CE /* CharactersCollectionViewCell.swift */; };
		3A7D0CB8212C22A600F393CE /* CharactersCollectionViewCell.swift in Sources */ = {isa = PBXBuildFile; fileRef = 3A7D0CB4212C22A600F393CE /* CharactersCollectionViewCell.swift */; };
		3A7D0CB9212C22A600F393CE /* CharactersCollectionViewCell.xib in Resources */ = {isa = PBXBuildFile; fileRef = 3A7D0CB5212C22A600F393CE /* CharactersCollectionViewCell.xib */; };
		3A7D0CBA212C22A600F393CE /* CharactersCollectionViewCell.xib in Resources */ = {isa = PBXBuildFile; fileRef = 3A7D0CB5212C22A600F393CE /* CharactersCollectionViewCell.xib */; };
		3A7D0CBB212C22A600F393CE /* CharactersCollectionViewCell.xib in Resources */ = {isa = PBXBuildFile; fileRef = 3A7D0CB5212C22A600F393CE /* CharactersCollectionViewCell.xib */; };
		3A7D0CC7212C6A6B00F393CE /* CollectionViewFooter.swift in Sources */ = {isa = PBXBuildFile; fileRef = 3A7D0CC5212C6A6B00F393CE /* CollectionViewFooter.swift */; };
		3A7D0CC8212C6A6B00F393CE /* CollectionViewFooter.swift in Sources */ = {isa = PBXBuildFile; fileRef = 3A7D0CC5212C6A6B00F393CE /* CollectionViewFooter.swift */; };
		3A7D0CC9212C6A6B00F393CE /* CollectionViewFooter.swift in Sources */ = {isa = PBXBuildFile; fileRef = 3A7D0CC5212C6A6B00F393CE /* CollectionViewFooter.swift */; };
		3A7D0CCA212C6A6B00F393CE /* CollectionViewFooter.xib in Resources */ = {isa = PBXBuildFile; fileRef = 3A7D0CC6212C6A6B00F393CE /* CollectionViewFooter.xib */; };
		3A7D0CCB212C6A6B00F393CE /* CollectionViewFooter.xib in Resources */ = {isa = PBXBuildFile; fileRef = 3A7D0CC6212C6A6B00F393CE /* CollectionViewFooter.xib */; };
		3A7D0CCC212C6A6B00F393CE /* CollectionViewFooter.xib in Resources */ = {isa = PBXBuildFile; fileRef = 3A7D0CC6212C6A6B00F393CE /* CollectionViewFooter.xib */; };
		3A7D0CD6212DD83A00F393CE /* CharactersTest.swift in Sources */ = {isa = PBXBuildFile; fileRef = 3A7D0CD5212DD83A00F393CE /* CharactersTest.swift */; };
		3A7D0CDA212DDC4500F393CE /* SuccessfulCharacters.json in Resources */ = {isa = PBXBuildFile; fileRef = 3A7D0CD8212DDC4500F393CE /* SuccessfulCharacters.json */; };
		3A7D0CDE212DE04600F393CE /* WrongParamsCharacters.json in Resources */ = {isa = PBXBuildFile; fileRef = 3A7D0CDC212DE04600F393CE /* WrongParamsCharacters.json */; };
		3A7D0CE2212DE1B200F393CE /* CharacterTest.swift in Sources */ = {isa = PBXBuildFile; fileRef = 3A7D0CE1212DE1B200F393CE /* CharacterTest.swift */; };
		3A7D0CE4212DE1F600F393CE /* SuccessfulCharacter.json in Resources */ = {isa = PBXBuildFile; fileRef = 3A7D0CE3212DE1F600F393CE /* SuccessfulCharacter.json */; };
		3A7D0CE7212DE2E600F393CE /* ComicTest.swift in Sources */ = {isa = PBXBuildFile; fileRef = 3A7D0CE6212DE2E600F393CE /* ComicTest.swift */; };
		3A7D0CE9212DE30400F393CE /* SuccessfulComic.json in Resources */ = {isa = PBXBuildFile; fileRef = 3A7D0CE8212DE30400F393CE /* SuccessfulComic.json */; };
		3A7D0CEB212DE69B00F393CE /* GSKStretchyHeaderView.framework in Copy Frameworks */ = {isa = PBXBuildFile; fileRef = 40BEAFBC212CB98E006D8B04 /* GSKStretchyHeaderView.framework */; settings = {ATTRIBUTES = (CodeSignOnCopy, RemoveHeadersOnCopy, ); }; };
		3A7D0CEC212DE69B00F393CE /* Kingfisher.framework in Copy Frameworks */ = {isa = PBXBuildFile; fileRef = 3A7D0C73212B41FD00F393CE /* Kingfisher.framework */; settings = {ATTRIBUTES = (CodeSignOnCopy, RemoveHeadersOnCopy, ); }; };
		3A7D0CED212DE69B00F393CE /* Alamofire.framework in Copy Frameworks */ = {isa = PBXBuildFile; fileRef = 3A7D0C6F212B41F700F393CE /* Alamofire.framework */; settings = {ATTRIBUTES = (CodeSignOnCopy, RemoveHeadersOnCopy, ); }; };
		3A7D0CEF212DE6F800F393CE /* GSKStretchyHeaderView.framework in Copy Frameworks */ = {isa = PBXBuildFile; fileRef = 40BEAFBC212CB98E006D8B04 /* GSKStretchyHeaderView.framework */; settings = {ATTRIBUTES = (CodeSignOnCopy, RemoveHeadersOnCopy, ); }; };
		3A7D0CF0212DE6F800F393CE /* Kingfisher.framework in Copy Frameworks */ = {isa = PBXBuildFile; fileRef = 3A7D0C73212B41FD00F393CE /* Kingfisher.framework */; settings = {ATTRIBUTES = (CodeSignOnCopy, RemoveHeadersOnCopy, ); }; };
		3A7D0CF1212DE6F800F393CE /* Alamofire.framework in Copy Frameworks */ = {isa = PBXBuildFile; fileRef = 3A7D0C6F212B41F700F393CE /* Alamofire.framework */; settings = {ATTRIBUTES = (CodeSignOnCopy, RemoveHeadersOnCopy, ); }; };
		3A7D0CFF212DEE5F00F393CE /* Info.plist in Resources */ = {isa = PBXBuildFile; fileRef = 3A7D0C20212B307000F393CE /* Info.plist */; };
		3A7D0D00212DEE7A00F393CE /* Info.plist in Resources */ = {isa = PBXBuildFile; fileRef = 3A7D0C2B212B307100F393CE /* Info.plist */; };
		40BEAFBD212CB98E006D8B04 /* GSKStretchyHeaderView.framework in Frameworks */ = {isa = PBXBuildFile; fileRef = 40BEAFBC212CB98E006D8B04 /* GSKStretchyHeaderView.framework */; };
		40BEAFBE212CB98E006D8B04 /* GSKStretchyHeaderView.framework in Frameworks */ = {isa = PBXBuildFile; fileRef = 40BEAFBC212CB98E006D8B04 /* GSKStretchyHeaderView.framework */; };
		40BEAFBF212CB98E006D8B04 /* GSKStretchyHeaderView.framework in Frameworks */ = {isa = PBXBuildFile; fileRef = 40BEAFBC212CB98E006D8B04 /* GSKStretchyHeaderView.framework */; };
		40BEAFC1212CBCB2006D8B04 /* CharacterDetailViewModel.swift in Sources */ = {isa = PBXBuildFile; fileRef = 40BEAFC0212CBCB2006D8B04 /* CharacterDetailViewModel.swift */; };
		40BEAFC2212CBCB2006D8B04 /* CharacterDetailViewModel.swift in Sources */ = {isa = PBXBuildFile; fileRef = 40BEAFC0212CBCB2006D8B04 /* CharacterDetailViewModel.swift */; };
		40BEAFC3212CBCB2006D8B04 /* CharacterDetailViewModel.swift in Sources */ = {isa = PBXBuildFile; fileRef = 40BEAFC0212CBCB2006D8B04 /* CharacterDetailViewModel.swift */; };
		40BEAFCD212CBF5E006D8B04 /* Comic.swift in Sources */ = {isa = PBXBuildFile; fileRef = 40BEAFCC212CBF5E006D8B04 /* Comic.swift */; };
		40BEAFCE212CBF5E006D8B04 /* Comic.swift in Sources */ = {isa = PBXBuildFile; fileRef = 40BEAFCC212CBF5E006D8B04 /* Comic.swift */; };
		40BEAFCF212CBF5E006D8B04 /* Comic.swift in Sources */ = {isa = PBXBuildFile; fileRef = 40BEAFCC212CBF5E006D8B04 /* Comic.swift */; };
		40BEAFD0212CC2FE006D8B04 /* GSKStretchyHeaderView.framework in Copy Frameworks */ = {isa = PBXBuildFile; fileRef = 40BEAFBC212CB98E006D8B04 /* GSKStretchyHeaderView.framework */; settings = {ATTRIBUTES = (CodeSignOnCopy, RemoveHeadersOnCopy, ); }; };
		40BEAFD2212CC79F006D8B04 /* String+Thumbnail.swift in Sources */ = {isa = PBXBuildFile; fileRef = 40BEAFD1212CC79F006D8B04 /* String+Thumbnail.swift */; };
		40BEAFD3212CC79F006D8B04 /* String+Thumbnail.swift in Sources */ = {isa = PBXBuildFile; fileRef = 40BEAFD1212CC79F006D8B04 /* String+Thumbnail.swift */; };
		40BEAFD4212CC79F006D8B04 /* String+Thumbnail.swift in Sources */ = {isa = PBXBuildFile; fileRef = 40BEAFD1212CC79F006D8B04 /* String+Thumbnail.swift */; };
		40BEAFD9212CD026006D8B04 /* CharacterDetailStickyHeader.xib in Resources */ = {isa = PBXBuildFile; fileRef = 40BEAFD8212CD026006D8B04 /* CharacterDetailStickyHeader.xib */; };
		40BEAFDA212CD026006D8B04 /* CharacterDetailStickyHeader.xib in Resources */ = {isa = PBXBuildFile; fileRef = 40BEAFD8212CD026006D8B04 /* CharacterDetailStickyHeader.xib */; };
		40BEAFDB212CD026006D8B04 /* CharacterDetailStickyHeader.xib in Resources */ = {isa = PBXBuildFile; fileRef = 40BEAFD8212CD026006D8B04 /* CharacterDetailStickyHeader.xib */; };
		40BEAFDD212CD032006D8B04 /* CharacterDetailStickyHeader.swift in Sources */ = {isa = PBXBuildFile; fileRef = 40BEAFDC212CD032006D8B04 /* CharacterDetailStickyHeader.swift */; };
		40BEAFDE212CD032006D8B04 /* CharacterDetailStickyHeader.swift in Sources */ = {isa = PBXBuildFile; fileRef = 40BEAFDC212CD032006D8B04 /* CharacterDetailStickyHeader.swift */; };
		40BEAFDF212CD032006D8B04 /* CharacterDetailStickyHeader.swift in Sources */ = {isa = PBXBuildFile; fileRef = 40BEAFDC212CD032006D8B04 /* CharacterDetailStickyHeader.swift */; };
		40BEAFE2212CD3D0006D8B04 /* CharacterDetailViewController.swift in Sources */ = {isa = PBXBuildFile; fileRef = 40BEAFE0212CD3D0006D8B04 /* CharacterDetailViewController.swift */; };
		40BEAFE3212CD3D0006D8B04 /* CharacterDetailViewController.swift in Sources */ = {isa = PBXBuildFile; fileRef = 40BEAFE0212CD3D0006D8B04 /* CharacterDetailViewController.swift */; };
		40BEAFE4212CD3D0006D8B04 /* CharacterDetailViewController.swift in Sources */ = {isa = PBXBuildFile; fileRef = 40BEAFE0212CD3D0006D8B04 /* CharacterDetailViewController.swift */; };
		40BEAFE5212CD3D0006D8B04 /* CharacterDetailViewController.xib in Resources */ = {isa = PBXBuildFile; fileRef = 40BEAFE1212CD3D0006D8B04 /* CharacterDetailViewController.xib */; };
		40BEAFE6212CD3D0006D8B04 /* CharacterDetailViewController.xib in Resources */ = {isa = PBXBuildFile; fileRef = 40BEAFE1212CD3D0006D8B04 /* CharacterDetailViewController.xib */; };
		40BEAFE7212CD3D0006D8B04 /* CharacterDetailViewController.xib in Resources */ = {isa = PBXBuildFile; fileRef = 40BEAFE1212CD3D0006D8B04 /* CharacterDetailViewController.xib */; };
		40BEAFE9212CD4F4006D8B04 /* UINavigationController+Transparency.swift in Sources */ = {isa = PBXBuildFile; fileRef = 40BEAFE8212CD4F4006D8B04 /* UINavigationController+Transparency.swift */; };
		40BEAFEA212CD4F4006D8B04 /* UINavigationController+Transparency.swift in Sources */ = {isa = PBXBuildFile; fileRef = 40BEAFE8212CD4F4006D8B04 /* UINavigationController+Transparency.swift */; };
		40BEAFEB212CD4F4006D8B04 /* UINavigationController+Transparency.swift in Sources */ = {isa = PBXBuildFile; fileRef = 40BEAFE8212CD4F4006D8B04 /* UINavigationController+Transparency.swift */; };
		40BEAFEE212CEA3B006D8B04 /* CharacterDetailTableViewHeader.xib in Resources */ = {isa = PBXBuildFile; fileRef = 40BEAFED212CEA3B006D8B04 /* CharacterDetailTableViewHeader.xib */; };
		40BEAFEF212CEA3B006D8B04 /* CharacterDetailTableViewHeader.xib in Resources */ = {isa = PBXBuildFile; fileRef = 40BEAFED212CEA3B006D8B04 /* CharacterDetailTableViewHeader.xib */; };
		40BEAFF0212CEA3B006D8B04 /* CharacterDetailTableViewHeader.xib in Resources */ = {isa = PBXBuildFile; fileRef = 40BEAFED212CEA3B006D8B04 /* CharacterDetailTableViewHeader.xib */; };
		40BEAFF2212CEA55006D8B04 /* CharacterDetailTableViewHeader.swift in Sources */ = {isa = PBXBuildFile; fileRef = 40BEAFF1212CEA55006D8B04 /* CharacterDetailTableViewHeader.swift */; };
		40BEAFF3212CEA55006D8B04 /* CharacterDetailTableViewHeader.swift in Sources */ = {isa = PBXBuildFile; fileRef = 40BEAFF1212CEA55006D8B04 /* CharacterDetailTableViewHeader.swift */; };
		40BEAFF4212CEA55006D8B04 /* CharacterDetailTableViewHeader.swift in Sources */ = {isa = PBXBuildFile; fileRef = 40BEAFF1212CEA55006D8B04 /* CharacterDetailTableViewHeader.swift */; };
		40BEAFF7212CFB37006D8B04 /* String+Height.swift in Sources */ = {isa = PBXBuildFile; fileRef = 40BEAFF6212CFB37006D8B04 /* String+Height.swift */; };
		40BEAFF8212CFB37006D8B04 /* String+Height.swift in Sources */ = {isa = PBXBuildFile; fileRef = 40BEAFF6212CFB37006D8B04 /* String+Height.swift */; };
		40BEAFF9212CFB37006D8B04 /* String+Height.swift in Sources */ = {isa = PBXBuildFile; fileRef = 40BEAFF6212CFB37006D8B04 /* String+Height.swift */; };
		40BEAFFC212D8844006D8B04 /* AppCoordinator.swift in Sources */ = {isa = PBXBuildFile; fileRef = 40BEAFFB212D8844006D8B04 /* AppCoordinator.swift */; };
		40BEAFFD212D8844006D8B04 /* AppCoordinator.swift in Sources */ = {isa = PBXBuildFile; fileRef = 40BEAFFB212D8844006D8B04 /* AppCoordinator.swift */; };
		40BEAFFE212D8844006D8B04 /* AppCoordinator.swift in Sources */ = {isa = PBXBuildFile; fileRef = 40BEAFFB212D8844006D8B04 /* AppCoordinator.swift */; };
		40BEB004212D886C006D8B04 /* Coordinator.swift in Sources */ = {isa = PBXBuildFile; fileRef = 40BEB003212D886C006D8B04 /* Coordinator.swift */; };
		40BEB005212D886C006D8B04 /* Coordinator.swift in Sources */ = {isa = PBXBuildFile; fileRef = 40BEB003212D886C006D8B04 /* Coordinator.swift */; };
		40BEB006212D886C006D8B04 /* Coordinator.swift in Sources */ = {isa = PBXBuildFile; fileRef = 40BEB003212D886C006D8B04 /* Coordinator.swift */; };
		40BEB008212D88A9006D8B04 /* CharactersCoordinator.swift in Sources */ = {isa = PBXBuildFile; fileRef = 40BEB007212D88A9006D8B04 /* CharactersCoordinator.swift */; };
		40BEB009212D88A9006D8B04 /* CharactersCoordinator.swift in Sources */ = {isa = PBXBuildFile; fileRef = 40BEB007212D88A9006D8B04 /* CharactersCoordinator.swift */; };
		40BEB00A212D88A9006D8B04 /* CharactersCoordinator.swift in Sources */ = {isa = PBXBuildFile; fileRef = 40BEB007212D88A9006D8B04 /* CharactersCoordinator.swift */; };
		40BEB00C212D8C0A006D8B04 /* CharacterDetailCoordinator.swift in Sources */ = {isa = PBXBuildFile; fileRef = 40BEB00B212D8C0A006D8B04 /* CharacterDetailCoordinator.swift */; };
		40BEB00D212D8C0A006D8B04 /* CharacterDetailCoordinator.swift in Sources */ = {isa = PBXBuildFile; fileRef = 40BEB00B212D8C0A006D8B04 /* CharacterDetailCoordinator.swift */; };
		40BEB00E212D8C0A006D8B04 /* CharacterDetailCoordinator.swift in Sources */ = {isa = PBXBuildFile; fileRef = 40BEB00B212D8C0A006D8B04 /* CharacterDetailCoordinator.swift */; };
		40BEB010212D8D23006D8B04 /* AppNavigationController.swift in Sources */ = {isa = PBXBuildFile; fileRef = 40BEB00F212D8D23006D8B04 /* AppNavigationController.swift */; };
		40BEB011212D8D23006D8B04 /* AppNavigationController.swift in Sources */ = {isa = PBXBuildFile; fileRef = 40BEB00F212D8D23006D8B04 /* AppNavigationController.swift */; };
		40BEB012212D8D23006D8B04 /* AppNavigationController.swift in Sources */ = {isa = PBXBuildFile; fileRef = 40BEB00F212D8D23006D8B04 /* AppNavigationController.swift */; };
		40BEB014212D8DBB006D8B04 /* UIFont+AppFont.swift in Sources */ = {isa = PBXBuildFile; fileRef = 40BEB013212D8DBB006D8B04 /* UIFont+AppFont.swift */; };
		40BEB015212D8DBB006D8B04 /* UIFont+AppFont.swift in Sources */ = {isa = PBXBuildFile; fileRef = 40BEB013212D8DBB006D8B04 /* UIFont+AppFont.swift */; };
		40BEB016212D8DBB006D8B04 /* UIFont+AppFont.swift in Sources */ = {isa = PBXBuildFile; fileRef = 40BEB013212D8DBB006D8B04 /* UIFont+AppFont.swift */; };
		40BEB01A212D9188006D8B04 /* CharacterDetailTableViewSectionHeader.swift in Sources */ = {isa = PBXBuildFile; fileRef = 40BEB019212D9188006D8B04 /* CharacterDetailTableViewSectionHeader.swift */; };
		40BEB01B212D9188006D8B04 /* CharacterDetailTableViewSectionHeader.swift in Sources */ = {isa = PBXBuildFile; fileRef = 40BEB019212D9188006D8B04 /* CharacterDetailTableViewSectionHeader.swift */; };
		40BEB01C212D9188006D8B04 /* CharacterDetailTableViewSectionHeader.swift in Sources */ = {isa = PBXBuildFile; fileRef = 40BEB019212D9188006D8B04 /* CharacterDetailTableViewSectionHeader.swift */; };
		40BEB01E212D9197006D8B04 /* CharacterDetailTableViewSectionHeader.xib in Resources */ = {isa = PBXBuildFile; fileRef = 40BEB01D212D9197006D8B04 /* CharacterDetailTableViewSectionHeader.xib */; };
		40BEB01F212D9197006D8B04 /* CharacterDetailTableViewSectionHeader.xib in Resources */ = {isa = PBXBuildFile; fileRef = 40BEB01D212D9197006D8B04 /* CharacterDetailTableViewSectionHeader.xib */; };
		40BEB020212D9197006D8B04 /* CharacterDetailTableViewSectionHeader.xib in Resources */ = {isa = PBXBuildFile; fileRef = 40BEB01D212D9197006D8B04 /* CharacterDetailTableViewSectionHeader.xib */; };
		40BEB022212D9A44006D8B04 /* UIColor+AppColors.swift in Sources */ = {isa = PBXBuildFile; fileRef = 40BEB021212D9A44006D8B04 /* UIColor+AppColors.swift */; };
		40BEB023212D9A44006D8B04 /* UIColor+AppColors.swift in Sources */ = {isa = PBXBuildFile; fileRef = 40BEB021212D9A44006D8B04 /* UIColor+AppColors.swift */; };
		40BEB024212D9A44006D8B04 /* UIColor+AppColors.swift in Sources */ = {isa = PBXBuildFile; fileRef = 40BEB021212D9A44006D8B04 /* UIColor+AppColors.swift */; };
		40BEB028212E2083006D8B04 /* CharacterDetailTableViewCell.swift in Sources */ = {isa = PBXBuildFile; fileRef = 40BEB026212E2083006D8B04 /* CharacterDetailTableViewCell.swift */; };
		40BEB029212E2083006D8B04 /* CharacterDetailTableViewCell.swift in Sources */ = {isa = PBXBuildFile; fileRef = 40BEB026212E2083006D8B04 /* CharacterDetailTableViewCell.swift */; };
		40BEB02A212E2083006D8B04 /* CharacterDetailTableViewCell.swift in Sources */ = {isa = PBXBuildFile; fileRef = 40BEB026212E2083006D8B04 /* CharacterDetailTableViewCell.swift */; };
		40BEB02B212E2083006D8B04 /* CharacterDetailTableViewCell.xib in Resources */ = {isa = PBXBuildFile; fileRef = 40BEB027212E2083006D8B04 /* CharacterDetailTableViewCell.xib */; };
		40BEB02C212E2083006D8B04 /* CharacterDetailTableViewCell.xib in Resources */ = {isa = PBXBuildFile; fileRef = 40BEB027212E2083006D8B04 /* CharacterDetailTableViewCell.xib */; };
		40BEB02D212E2083006D8B04 /* CharacterDetailTableViewCell.xib in Resources */ = {isa = PBXBuildFile; fileRef = 40BEB027212E2083006D8B04 /* CharacterDetailTableViewCell.xib */; };
		40BEB034212E32CD006D8B04 /* ErrorView.xib in Resources */ = {isa = PBXBuildFile; fileRef = 40BEB033212E32CD006D8B04 /* ErrorView.xib */; };
		40BEB035212E32CD006D8B04 /* ErrorView.xib in Resources */ = {isa = PBXBuildFile; fileRef = 40BEB033212E32CD006D8B04 /* ErrorView.xib */; };
		40BEB036212E32CD006D8B04 /* ErrorView.xib in Resources */ = {isa = PBXBuildFile; fileRef = 40BEB033212E32CD006D8B04 /* ErrorView.xib */; };
		40BEB038212E3403006D8B04 /* ErrorView.swift in Sources */ = {isa = PBXBuildFile; fileRef = 40BEB037212E3403006D8B04 /* ErrorView.swift */; };
		40BEB039212E3403006D8B04 /* ErrorView.swift in Sources */ = {isa = PBXBuildFile; fileRef = 40BEB037212E3403006D8B04 /* ErrorView.swift */; };
		40BEB03A212E3403006D8B04 /* ErrorView.swift in Sources */ = {isa = PBXBuildFile; fileRef = 40BEB037212E3403006D8B04 /* ErrorView.swift */; };
/* End PBXBuildFile section */

/* Begin PBXContainerItemProxy section */
		3A7D0C26212B307100F393CE /* PBXContainerItemProxy */ = {
			isa = PBXContainerItemProxy;
			containerPortal = 3A7D0C09212B306E00F393CE /* Project object */;
			proxyType = 1;
			remoteGlobalIDString = 3A7D0C10212B306E00F393CE;
			remoteInfo = Marvel;
		};
		3A7D0C31212B307100F393CE /* PBXContainerItemProxy */ = {
			isa = PBXContainerItemProxy;
			containerPortal = 3A7D0C09212B306E00F393CE /* Project object */;
			proxyType = 1;
			remoteGlobalIDString = 3A7D0C10212B306E00F393CE;
			remoteInfo = Marvel;
		};
/* End PBXContainerItemProxy section */

/* Begin PBXCopyFilesBuildPhase section */
		3A7D0C77212B420D00F393CE /* Copy Frameworks */ = {
			isa = PBXCopyFilesBuildPhase;
			buildActionMask = 2147483647;
			dstPath = "";
			dstSubfolderSpec = 10;
			files = (
				40BEAFD0212CC2FE006D8B04 /* GSKStretchyHeaderView.framework in Copy Frameworks */,
				3A7D0C79212B421A00F393CE /* Alamofire.framework in Copy Frameworks */,
				3A7D0C78212B421700F393CE /* Kingfisher.framework in Copy Frameworks */,
			);
			name = "Copy Frameworks";
			runOnlyForDeploymentPostprocessing = 0;
		};
		3A7D0CEA212DE68C00F393CE /* Copy Frameworks */ = {
			isa = PBXCopyFilesBuildPhase;
			buildActionMask = 2147483647;
			dstPath = "";
			dstSubfolderSpec = 10;
			files = (
				3A7D0CEB212DE69B00F393CE /* GSKStretchyHeaderView.framework in Copy Frameworks */,
				3A7D0CEC212DE69B00F393CE /* Kingfisher.framework in Copy Frameworks */,
				3A7D0CED212DE69B00F393CE /* Alamofire.framework in Copy Frameworks */,
			);
			name = "Copy Frameworks";
			runOnlyForDeploymentPostprocessing = 0;
		};
		3A7D0CEE212DE6EE00F393CE /* Copy Frameworks */ = {
			isa = PBXCopyFilesBuildPhase;
			buildActionMask = 2147483647;
			dstPath = "";
			dstSubfolderSpec = 10;
			files = (
				3A7D0CEF212DE6F800F393CE /* GSKStretchyHeaderView.framework in Copy Frameworks */,
				3A7D0CF0212DE6F800F393CE /* Kingfisher.framework in Copy Frameworks */,
				3A7D0CF1212DE6F800F393CE /* Alamofire.framework in Copy Frameworks */,
			);
			name = "Copy Frameworks";
			runOnlyForDeploymentPostprocessing = 0;
		};
/* End PBXCopyFilesBuildPhase section */

/* Begin PBXFileReference section */
		3A7D0C11212B306E00F393CE /* Marvel.app */ = {isa = PBXFileReference; explicitFileType = wrapper.application; includeInIndex = 0; path = Marvel.app; sourceTree = BUILT_PRODUCTS_DIR; };
		3A7D0C14212B306E00F393CE /* AppDelegate.swift */ = {isa = PBXFileReference; lastKnownFileType = sourcecode.swift; path = AppDelegate.swift; sourceTree = "<group>"; };
		3A7D0C1B212B307000F393CE /* Assets.xcassets */ = {isa = PBXFileReference; lastKnownFileType = folder.assetcatalog; path = Assets.xcassets; sourceTree = "<group>"; };
		3A7D0C1E212B307000F393CE /* Base */ = {isa = PBXFileReference; lastKnownFileType = file.storyboard; name = Base; path = Base.lproj/LaunchScreen.storyboard; sourceTree = "<group>"; };
		3A7D0C20212B307000F393CE /* Info.plist */ = {isa = PBXFileReference; lastKnownFileType = text.plist.xml; path = Info.plist; sourceTree = "<group>"; };
		3A7D0C25212B307100F393CE /* MarvelTests.xctest */ = {isa = PBXFileReference; explicitFileType = wrapper.cfbundle; includeInIndex = 0; path = MarvelTests.xctest; sourceTree = BUILT_PRODUCTS_DIR; };
		3A7D0C29212B307100F393CE /* MarvelTests.swift */ = {isa = PBXFileReference; lastKnownFileType = sourcecode.swift; path = MarvelTests.swift; sourceTree = "<group>"; };
		3A7D0C2B212B307100F393CE /* Info.plist */ = {isa = PBXFileReference; lastKnownFileType = text.plist.xml; path = Info.plist; sourceTree = "<group>"; };
		3A7D0C30212B307100F393CE /* MarvelUITests.xctest */ = {isa = PBXFileReference; explicitFileType = wrapper.cfbundle; includeInIndex = 0; path = MarvelUITests.xctest; sourceTree = BUILT_PRODUCTS_DIR; };
		3A7D0C34212B307100F393CE /* MarvelUITests.swift */ = {isa = PBXFileReference; lastKnownFileType = sourcecode.swift; path = MarvelUITests.swift; sourceTree = "<group>"; };
		3A7D0C36212B307100F393CE /* Info.plist */ = {isa = PBXFileReference; lastKnownFileType = text.plist.xml; path = Info.plist; sourceTree = "<group>"; };
		3A7D0C66212B3FB800F393CE /* APIWorker.swift */ = {isa = PBXFileReference; lastKnownFileType = sourcecode.swift; path = APIWorker.swift; sourceTree = "<group>"; };
		3A7D0C6A212B3FCC00F393CE /* APIConfig.swift */ = {isa = PBXFileReference; lastKnownFileType = sourcecode.swift; path = APIConfig.swift; sourceTree = "<group>"; };
		3A7D0C6F212B41F700F393CE /* Alamofire.framework */ = {isa = PBXFileReference; lastKnownFileType = wrapper.framework; name = Alamofire.framework; path = Carthage/Build/iOS/Alamofire.framework; sourceTree = SOURCE_ROOT; };
		3A7D0C73212B41FD00F393CE /* Kingfisher.framework */ = {isa = PBXFileReference; lastKnownFileType = wrapper.framework; name = Kingfisher.framework; path = Carthage/Build/iOS/Kingfisher.framework; sourceTree = SOURCE_ROOT; };
		3A7D0C7B212B42AC00F393CE /* Constants.swift */ = {isa = PBXFileReference; lastKnownFileType = sourcecode.swift; path = Constants.swift; sourceTree = "<group>"; };
		3A7D0C81212B432E00F393CE /* CharactersAPI.swift */ = {isa = PBXFileReference; lastKnownFileType = sourcecode.swift; path = CharactersAPI.swift; sourceTree = "<group>"; };
		3A7D0C85212B435D00F393CE /* CharactersRoutes.swift */ = {isa = PBXFileReference; lastKnownFileType = sourcecode.swift; path = CharactersRoutes.swift; sourceTree = "<group>"; };
		3A7D0C8A212B4D2E00F393CE /* String+MD5.swift */ = {isa = PBXFileReference; lastKnownFileType = sourcecode.swift; path = "String+MD5.swift"; sourceTree = "<group>"; };
		3A7D0C8E212B4D6600F393CE /* Marvel-Bridging-Header.h */ = {isa = PBXFileReference; lastKnownFileType = sourcecode.c.h; path = "Marvel-Bridging-Header.h"; sourceTree = "<group>"; };
		3A7D0C8F212B4D6600F393CE /* MarvelTests-Bridging-Header.h */ = {isa = PBXFileReference; lastKnownFileType = sourcecode.c.h; path = "MarvelTests-Bridging-Header.h"; sourceTree = "<group>"; };
		3A7D0C90212B4D6600F393CE /* MarvelUITests-Bridging-Header.h */ = {isa = PBXFileReference; lastKnownFileType = sourcecode.c.h; path = "MarvelUITests-Bridging-Header.h"; sourceTree = "<group>"; };
		3A7D0C98212B503600F393CE /* Character.swift */ = {isa = PBXFileReference; lastKnownFileType = sourcecode.swift; path = Character.swift; sourceTree = "<group>"; };
		3A7D0C9C212C144C00F393CE /* Characters.swift */ = {isa = PBXFileReference; lastKnownFileType = sourcecode.swift; path = Characters.swift; sourceTree = "<group>"; };
		3A7D0CA1212C181000F393CE /* CharactersViewModel.swift */ = {isa = PBXFileReference; lastKnownFileType = sourcecode.swift; path = CharactersViewModel.swift; sourceTree = "<group>"; };
		3A7D0CAB212C20CE00F393CE /* CharactersViewController.swift */ = {isa = PBXFileReference; lastKnownFileType = sourcecode.swift; path = CharactersViewController.swift; sourceTree = "<group>"; };
		3A7D0CAC212C20CE00F393CE /* CharactersViewController.xib */ = {isa = PBXFileReference; lastKnownFileType = file.xib; path = CharactersViewController.xib; sourceTree = "<group>"; };
		3A7D0CB4212C22A600F393CE /* CharactersCollectionViewCell.swift */ = {isa = PBXFileReference; lastKnownFileType = sourcecode.swift; path = CharactersCollectionViewCell.swift; sourceTree = "<group>"; };
		3A7D0CB5212C22A600F393CE /* CharactersCollectionViewCell.xib */ = {isa = PBXFileReference; lastKnownFileType = file.xib; path = CharactersCollectionViewCell.xib; sourceTree = "<group>"; };
		3A7D0CC5212C6A6B00F393CE /* CollectionViewFooter.swift */ = {isa = PBXFileReference; lastKnownFileType = sourcecode.swift; path = CollectionViewFooter.swift; sourceTree = "<group>"; };
		3A7D0CC6212C6A6B00F393CE /* CollectionViewFooter.xib */ = {isa = PBXFileReference; lastKnownFileType = file.xib; path = CollectionViewFooter.xib; sourceTree = "<group>"; };
		3A7D0CD5212DD83A00F393CE /* CharactersTest.swift */ = {isa = PBXFileReference; lastKnownFileType = sourcecode.swift; path = CharactersTest.swift; sourceTree = "<group>"; };
		3A7D0CD8212DDC4500F393CE /* SuccessfulCharacters.json */ = {isa = PBXFileReference; fileEncoding = 4; lastKnownFileType = text.json; path = SuccessfulCharacters.json; sourceTree = "<group>"; };
		3A7D0CDC212DE04600F393CE /* WrongParamsCharacters.json */ = {isa = PBXFileReference; fileEncoding = 4; lastKnownFileType = text.json; path = WrongParamsCharacters.json; sourceTree = "<group>"; };
		3A7D0CE1212DE1B200F393CE /* CharacterTest.swift */ = {isa = PBXFileReference; lastKnownFileType = sourcecode.swift; path = CharacterTest.swift; sourceTree = "<group>"; };
		3A7D0CE3212DE1F600F393CE /* SuccessfulCharacter.json */ = {isa = PBXFileReference; fileEncoding = 4; lastKnownFileType = text.json; path = SuccessfulCharacter.json; sourceTree = "<group>"; };
		3A7D0CE6212DE2E600F393CE /* ComicTest.swift */ = {isa = PBXFileReference; lastKnownFileType = sourcecode.swift; path = ComicTest.swift; sourceTree = "<group>"; };
		3A7D0CE8212DE30400F393CE /* SuccessfulComic.json */ = {isa = PBXFileReference; fileEncoding = 4; lastKnownFileType = text.json; path = SuccessfulComic.json; sourceTree = "<group>"; };
		40BEAFBC212CB98E006D8B04 /* GSKStretchyHeaderView.framework */ = {isa = PBXFileReference; lastKnownFileType = wrapper.framework; name = GSKStretchyHeaderView.framework; path = Carthage/Build/iOS/GSKStretchyHeaderView.framework; sourceTree = SOURCE_ROOT; };
		40BEAFC0212CBCB2006D8B04 /* CharacterDetailViewModel.swift */ = {isa = PBXFileReference; lastKnownFileType = sourcecode.swift; path = CharacterDetailViewModel.swift; sourceTree = "<group>"; };
		40BEAFCC212CBF5E006D8B04 /* Comic.swift */ = {isa = PBXFileReference; lastKnownFileType = sourcecode.swift; path = Comic.swift; sourceTree = "<group>"; };
		40BEAFD1212CC79F006D8B04 /* String+Thumbnail.swift */ = {isa = PBXFileReference; lastKnownFileType = sourcecode.swift; path = "String+Thumbnail.swift"; sourceTree = "<group>"; };
		40BEAFD8212CD026006D8B04 /* CharacterDetailStickyHeader.xib */ = {isa = PBXFileReference; lastKnownFileType = file.xib; path = CharacterDetailStickyHeader.xib; sourceTree = "<group>"; };
		40BEAFDC212CD032006D8B04 /* CharacterDetailStickyHeader.swift */ = {isa = PBXFileReference; lastKnownFileType = sourcecode.swift; path = CharacterDetailStickyHeader.swift; sourceTree = "<group>"; };
		40BEAFE0212CD3D0006D8B04 /* CharacterDetailViewController.swift */ = {isa = PBXFileReference; lastKnownFileType = sourcecode.swift; path = CharacterDetailViewController.swift; sourceTree = "<group>"; };
		40BEAFE1212CD3D0006D8B04 /* CharacterDetailViewController.xib */ = {isa = PBXFileReference; lastKnownFileType = file.xib; path = CharacterDetailViewController.xib; sourceTree = "<group>"; };
		40BEAFE8212CD4F4006D8B04 /* UINavigationController+Transparency.swift */ = {isa = PBXFileReference; lastKnownFileType = sourcecode.swift; path = "UINavigationController+Transparency.swift"; sourceTree = "<group>"; };
		40BEAFED212CEA3B006D8B04 /* CharacterDetailTableViewHeader.xib */ = {isa = PBXFileReference; lastKnownFileType = file.xib; path = CharacterDetailTableViewHeader.xib; sourceTree = "<group>"; };
		40BEAFF1212CEA55006D8B04 /* CharacterDetailTableViewHeader.swift */ = {isa = PBXFileReference; lastKnownFileType = sourcecode.swift; path = CharacterDetailTableViewHeader.swift; sourceTree = "<group>"; };
		40BEAFF6212CFB37006D8B04 /* String+Height.swift */ = {isa = PBXFileReference; lastKnownFileType = sourcecode.swift; path = "String+Height.swift"; sourceTree = "<group>"; };
		40BEAFFB212D8844006D8B04 /* AppCoordinator.swift */ = {isa = PBXFileReference; lastKnownFileType = sourcecode.swift; path = AppCoordinator.swift; sourceTree = "<group>"; };
		40BEB003212D886C006D8B04 /* Coordinator.swift */ = {isa = PBXFileReference; lastKnownFileType = sourcecode.swift; path = Coordinator.swift; sourceTree = "<group>"; };
		40BEB007212D88A9006D8B04 /* CharactersCoordinator.swift */ = {isa = PBXFileReference; lastKnownFileType = sourcecode.swift; path = CharactersCoordinator.swift; sourceTree = "<group>"; };
		40BEB00B212D8C0A006D8B04 /* CharacterDetailCoordinator.swift */ = {isa = PBXFileReference; lastKnownFileType = sourcecode.swift; path = CharacterDetailCoordinator.swift; sourceTree = "<group>"; };
		40BEB00F212D8D23006D8B04 /* AppNavigationController.swift */ = {isa = PBXFileReference; lastKnownFileType = sourcecode.swift; path = AppNavigationController.swift; sourceTree = "<group>"; };
		40BEB013212D8DBB006D8B04 /* UIFont+AppFont.swift */ = {isa = PBXFileReference; lastKnownFileType = sourcecode.swift; path = "UIFont+AppFont.swift"; sourceTree = "<group>"; };
		40BEB019212D9188006D8B04 /* CharacterDetailTableViewSectionHeader.swift */ = {isa = PBXFileReference; lastKnownFileType = sourcecode.swift; path = CharacterDetailTableViewSectionHeader.swift; sourceTree = "<group>"; };
		40BEB01D212D9197006D8B04 /* CharacterDetailTableViewSectionHeader.xib */ = {isa = PBXFileReference; lastKnownFileType = file.xib; path = CharacterDetailTableViewSectionHeader.xib; sourceTree = "<group>"; };
		40BEB021212D9A44006D8B04 /* UIColor+AppColors.swift */ = {isa = PBXFileReference; lastKnownFileType = sourcecode.swift; path = "UIColor+AppColors.swift"; sourceTree = "<group>"; };
		40BEB026212E2083006D8B04 /* CharacterDetailTableViewCell.swift */ = {isa = PBXFileReference; lastKnownFileType = sourcecode.swift; path = CharacterDetailTableViewCell.swift; sourceTree = "<group>"; };
		40BEB027212E2083006D8B04 /* CharacterDetailTableViewCell.xib */ = {isa = PBXFileReference; lastKnownFileType = file.xib; path = CharacterDetailTableViewCell.xib; sourceTree = "<group>"; };
		40BEB033212E32CD006D8B04 /* ErrorView.xib */ = {isa = PBXFileReference; lastKnownFileType = file.xib; path = ErrorView.xib; sourceTree = "<group>"; };
		40BEB037212E3403006D8B04 /* ErrorView.swift */ = {isa = PBXFileReference; lastKnownFileType = sourcecode.swift; path = ErrorView.swift; sourceTree = "<group>"; };
/* End PBXFileReference section */

/* Begin PBXFrameworksBuildPhase section */
		3A7D0C0E212B306E00F393CE /* Frameworks */ = {
			isa = PBXFrameworksBuildPhase;
			buildActionMask = 2147483647;
			files = (
				3A7D0C74212B41FE00F393CE /* Kingfisher.framework in Frameworks */,
				3A7D0C70212B41F700F393CE /* Alamofire.framework in Frameworks */,
				40BEAFBD212CB98E006D8B04 /* GSKStretchyHeaderView.framework in Frameworks */,
			);
			runOnlyForDeploymentPostprocessing = 0;
		};
		3A7D0C22212B307100F393CE /* Frameworks */ = {
			isa = PBXFrameworksBuildPhase;
			buildActionMask = 2147483647;
			files = (
				3A7D0C75212B41FE00F393CE /* Kingfisher.framework in Frameworks */,
				3A7D0C71212B41F700F393CE /* Alamofire.framework in Frameworks */,
				40BEAFBE212CB98E006D8B04 /* GSKStretchyHeaderView.framework in Frameworks */,
			);
			runOnlyForDeploymentPostprocessing = 0;
		};
		3A7D0C2D212B307100F393CE /* Frameworks */ = {
			isa = PBXFrameworksBuildPhase;
			buildActionMask = 2147483647;
			files = (
				3A7D0C76212B41FE00F393CE /* Kingfisher.framework in Frameworks */,
				3A7D0C72212B41F700F393CE /* Alamofire.framework in Frameworks */,
				40BEAFBF212CB98E006D8B04 /* GSKStretchyHeaderView.framework in Frameworks */,
			);
			runOnlyForDeploymentPostprocessing = 0;
		};
/* End PBXFrameworksBuildPhase section */

/* Begin PBXGroup section */
		3A7D0C08212B306E00F393CE = {
			isa = PBXGroup;
			children = (
				3A7D0C6E212B41EB00F393CE /* Frameworks */,
				3A7D0C13212B306E00F393CE /* Marvel */,
				3A7D0C28212B307100F393CE /* MarvelTests */,
				3A7D0C33212B307100F393CE /* MarvelUITests */,
				3A7D0C12212B306E00F393CE /* Products */,
			);
			sourceTree = "<group>";
		};
		3A7D0C12212B306E00F393CE /* Products */ = {
			isa = PBXGroup;
			children = (
				3A7D0C11212B306E00F393CE /* Marvel.app */,
				3A7D0C25212B307100F393CE /* MarvelTests.xctest */,
				3A7D0C30212B307100F393CE /* MarvelUITests.xctest */,
			);
			name = Products;
			sourceTree = "<group>";
		};
		3A7D0C13212B306E00F393CE /* Marvel */ = {
			isa = PBXGroup;
			children = (
				40BEAFFA212D8812006D8B04 /* Coordinators */,
				3A7D0CAA212C20B200F393CE /* Controllers */,
				3A7D0CA9212C209800F393CE /* Views */,
				3A7D0CA0212C17EC00F393CE /* ViewModels */,
				3A7D0C97212B4FE500F393CE /* Models */,
				3A7D0C89212B4D1C00F393CE /* Extensions */,
				3A7D0C7A212B429300F393CE /* Resources */,
				3A7D0C64212B3F8800F393CE /* Networking */,
				3A7D0C14212B306E00F393CE /* AppDelegate.swift */,
				3A7D0C1D212B307000F393CE /* LaunchScreen.storyboard */,
			);
			path = Marvel;
			sourceTree = "<group>";
		};
		3A7D0C28212B307100F393CE /* MarvelTests */ = {
			isa = PBXGroup;
			children = (
				3A7D0CD4212DD81A00F393CE /* Models */,
				3A7D0C29212B307100F393CE /* MarvelTests.swift */,
				3A7D0C2B212B307100F393CE /* Info.plist */,
			);
			path = MarvelTests;
			sourceTree = "<group>";
		};
		3A7D0C33212B307100F393CE /* MarvelUITests */ = {
			isa = PBXGroup;
			children = (
				3A7D0C34212B307100F393CE /* MarvelUITests.swift */,
				3A7D0C36212B307100F393CE /* Info.plist */,
			);
			path = MarvelUITests;
			sourceTree = "<group>";
		};
		3A7D0C64212B3F8800F393CE /* Networking */ = {
			isa = PBXGroup;
			children = (
				3A7D0C80212B431800F393CE /* Clients */,
				3A7D0C7F212B431100F393CE /* Routes */,
				3A7D0C65212B3FA000F393CE /* Services */,
			);
			path = Networking;
			sourceTree = "<group>";
		};
		3A7D0C65212B3FA000F393CE /* Services */ = {
			isa = PBXGroup;
			children = (
				3A7D0C66212B3FB800F393CE /* APIWorker.swift */,
				3A7D0C6A212B3FCC00F393CE /* APIConfig.swift */,
			);
			path = Services;
			sourceTree = "<group>";
		};
		3A7D0C6E212B41EB00F393CE /* Frameworks */ = {
			isa = PBXGroup;
			children = (
				40BEAFBC212CB98E006D8B04 /* GSKStretchyHeaderView.framework */,
				3A7D0C73212B41FD00F393CE /* Kingfisher.framework */,
				3A7D0C6F212B41F700F393CE /* Alamofire.framework */,
			);
			path = Frameworks;
			sourceTree = "<group>";
		};
		3A7D0C7A212B429300F393CE /* Resources */ = {
			isa = PBXGroup;
			children = (
				3A7D0C1B212B307000F393CE /* Assets.xcassets */,
				3A7D0C20212B307000F393CE /* Info.plist */,
				3A7D0C7B212B42AC00F393CE /* Constants.swift */,
				3A7D0C8E212B4D6600F393CE /* Marvel-Bridging-Header.h */,
				3A7D0C8F212B4D6600F393CE /* MarvelTests-Bridging-Header.h */,
				3A7D0C90212B4D6600F393CE /* MarvelUITests-Bridging-Header.h */,
			);
			path = Resources;
			sourceTree = "<group>";
		};
		3A7D0C7F212B431100F393CE /* Routes */ = {
			isa = PBXGroup;
			children = (
				3A7D0C85212B435D00F393CE /* CharactersRoutes.swift */,
			);
			path = Routes;
			sourceTree = "<group>";
		};
		3A7D0C80212B431800F393CE /* Clients */ = {
			isa = PBXGroup;
			children = (
				3A7D0C81212B432E00F393CE /* CharactersAPI.swift */,
			);
			path = Clients;
			sourceTree = "<group>";
		};
		3A7D0C89212B4D1C00F393CE /* Extensions */ = {
			isa = PBXGroup;
			children = (
				3A7D0C8A212B4D2E00F393CE /* String+MD5.swift */,
				40BEAFD1212CC79F006D8B04 /* String+Thumbnail.swift */,
				40BEAFE8212CD4F4006D8B04 /* UINavigationController+Transparency.swift */,
				40BEAFF6212CFB37006D8B04 /* String+Height.swift */,
				40BEB013212D8DBB006D8B04 /* UIFont+AppFont.swift */,
				40BEB021212D9A44006D8B04 /* UIColor+AppColors.swift */,
			);
			path = Extensions;
			sourceTree = "<group>";
		};
		3A7D0C97212B4FE500F393CE /* Models */ = {
			isa = PBXGroup;
			children = (
				3A7D0C98212B503600F393CE /* Character.swift */,
				3A7D0C9C212C144C00F393CE /* Characters.swift */,
				40BEAFCC212CBF5E006D8B04 /* Comic.swift */,
			);
			path = Models;
			sourceTree = "<group>";
		};
		3A7D0CA0212C17EC00F393CE /* ViewModels */ = {
			isa = PBXGroup;
			children = (
				3A7D0CA1212C181000F393CE /* CharactersViewModel.swift */,
				40BEAFC0212CBCB2006D8B04 /* CharacterDetailViewModel.swift */,
			);
			path = ViewModels;
			sourceTree = "<group>";
		};
		3A7D0CA9212C209800F393CE /* Views */ = {
			isa = PBXGroup;
			children = (
				40BEB032212E329C006D8B04 /* ErrorView */,
				40BEB025212E2051006D8B04 /* CharacterDetailTableViewCell */,
				40BEB017212D915B006D8B04 /* CharacterDetailTableViewSectionHeader */,
				40BEAFEC212CEA14006D8B04 /* CharacterDetailTableViewHeader */,
				40BEAFD6212CCFE4006D8B04 /* CollectionViewFooter */,
				40BEAFD5212CCFA0006D8B04 /* CharacterDetailStickyHeader */,
				3A7D0CB3212C228000F393CE /* CharactersCollectionViewCell */,
				3A7D0CAC212C20CE00F393CE /* CharactersViewController.xib */,
				40BEAFE1212CD3D0006D8B04 /* CharacterDetailViewController.xib */,
			);
			path = Views;
			sourceTree = "<group>";
		};
		3A7D0CAA212C20B200F393CE /* Controllers */ = {
			isa = PBXGroup;
			children = (
				3A7D0CAB212C20CE00F393CE /* CharactersViewController.swift */,
				40BEAFE0212CD3D0006D8B04 /* CharacterDetailViewController.swift */,
				40BEB00F212D8D23006D8B04 /* AppNavigationController.swift */,
			);
			path = Controllers;
			sourceTree = "<group>";
		};
		3A7D0CB3212C228000F393CE /* CharactersCollectionViewCell */ = {
			isa = PBXGroup;
			children = (
				3A7D0CB4212C22A600F393CE /* CharactersCollectionViewCell.swift */,
				3A7D0CB5212C22A600F393CE /* CharactersCollectionViewCell.xib */,
			);
			path = CharactersCollectionViewCell;
			sourceTree = "<group>";
		};
		3A7D0CD4212DD81A00F393CE /* Models */ = {
			isa = PBXGroup;
			children = (
				3A7D0CE5212DE2D500F393CE /* Comic */,
				3A7D0CE0212DE17B00F393CE /* Character */,
				3A7D0CD7212DDAA600F393CE /* Characters */,
			);
			path = Models;
			sourceTree = "<group>";
		};
		3A7D0CD7212DDAA600F393CE /* Characters */ = {
			isa = PBXGroup;
			children = (
				3A7D0CDC212DE04600F393CE /* WrongParamsCharacters.json */,
				3A7D0CD8212DDC4500F393CE /* SuccessfulCharacters.json */,
				3A7D0CD5212DD83A00F393CE /* CharactersTest.swift */,
			);
			path = Characters;
			sourceTree = "<group>";
		};
		3A7D0CE0212DE17B00F393CE /* Character */ = {
			isa = PBXGroup;
			children = (
				3A7D0CE3212DE1F600F393CE /* SuccessfulCharacter.json */,
				3A7D0CE1212DE1B200F393CE /* CharacterTest.swift */,
			);
			path = Character;
			sourceTree = "<group>";
		};
		3A7D0CE5212DE2D500F393CE /* Comic */ = {
			isa = PBXGroup;
			children = (
				3A7D0CE8212DE30400F393CE /* SuccessfulComic.json */,
				3A7D0CE6212DE2E600F393CE /* ComicTest.swift */,
			);
			path = Comic;
			sourceTree = "<group>";
		};
		40BEAFD5212CCFA0006D8B04 /* CharacterDetailStickyHeader */ = {
			isa = PBXGroup;
			children = (
				40BEAFD8212CD026006D8B04 /* CharacterDetailStickyHeader.xib */,
				40BEAFDC212CD032006D8B04 /* CharacterDetailStickyHeader.swift */,
			);
			path = CharacterDetailStickyHeader;
			sourceTree = "<group>";
		};
		40BEAFD6212CCFE4006D8B04 /* CollectionViewFooter */ = {
			isa = PBXGroup;
			children = (
				3A7D0CC5212C6A6B00F393CE /* CollectionViewFooter.swift */,
				3A7D0CC6212C6A6B00F393CE /* CollectionViewFooter.xib */,
			);
			path = CollectionViewFooter;
			sourceTree = "<group>";
		};
		40BEAFEC212CEA14006D8B04 /* CharacterDetailTableViewHeader */ = {
			isa = PBXGroup;
			children = (
				40BEAFED212CEA3B006D8B04 /* CharacterDetailTableViewHeader.xib */,
				40BEAFF1212CEA55006D8B04 /* CharacterDetailTableViewHeader.swift */,
			);
			path = CharacterDetailTableViewHeader;
			sourceTree = "<group>";
		};
		40BEAFFA212D8812006D8B04 /* Coordinators */ = {
			isa = PBXGroup;
			children = (
				40BEAFFB212D8844006D8B04 /* AppCoordinator.swift */,
				40BEB003212D886C006D8B04 /* Coordinator.swift */,
				40BEB007212D88A9006D8B04 /* CharactersCoordinator.swift */,
				40BEB00B212D8C0A006D8B04 /* CharacterDetailCoordinator.swift */,
			);
			path = Coordinators;
			sourceTree = "<group>";
		};
		40BEB017212D915B006D8B04 /* CharacterDetailTableViewSectionHeader */ = {
			isa = PBXGroup;
			children = (
				40BEB019212D9188006D8B04 /* CharacterDetailTableViewSectionHeader.swift */,
				40BEB01D212D9197006D8B04 /* CharacterDetailTableViewSectionHeader.xib */,
			);
			path = CharacterDetailTableViewSectionHeader;
			sourceTree = "<group>";
		};
		40BEB025212E2051006D8B04 /* CharacterDetailTableViewCell */ = {
			isa = PBXGroup;
			children = (
				40BEB026212E2083006D8B04 /* CharacterDetailTableViewCell.swift */,
				40BEB027212E2083006D8B04 /* CharacterDetailTableViewCell.xib */,
			);
			path = CharacterDetailTableViewCell;
			sourceTree = "<group>";
		};
		40BEB032212E329C006D8B04 /* ErrorView */ = {
			isa = PBXGroup;
			children = (
				40BEB033212E32CD006D8B04 /* ErrorView.xib */,
				40BEB037212E3403006D8B04 /* ErrorView.swift */,
			);
			path = ErrorView;
			sourceTree = "<group>";
		};
/* End PBXGroup section */

/* Begin PBXNativeTarget section */
		3A7D0C10212B306E00F393CE /* Marvel */ = {
			isa = PBXNativeTarget;
			buildConfigurationList = 3A7D0C39212B307100F393CE /* Build configuration list for PBXNativeTarget "Marvel" */;
			buildPhases = (
				3A7D0C0D212B306E00F393CE /* Sources */,
				3A7D0C0E212B306E00F393CE /* Frameworks */,
				3A7D0C0F212B306E00F393CE /* Resources */,
				3A7D0C77212B420D00F393CE /* Copy Frameworks */,
			);
			buildRules = (
			);
			dependencies = (
			);
			name = Marvel;
			productName = Marvel;
			productReference = 3A7D0C11212B306E00F393CE /* Marvel.app */;
			productType = "com.apple.product-type.application";
		};
		3A7D0C24212B307100F393CE /* MarvelTests */ = {
			isa = PBXNativeTarget;
			buildConfigurationList = 3A7D0C3C212B307100F393CE /* Build configuration list for PBXNativeTarget "MarvelTests" */;
			buildPhases = (
				3A7D0C21212B307100F393CE /* Sources */,
				3A7D0C22212B307100F393CE /* Frameworks */,
				3A7D0C23212B307100F393CE /* Resources */,
				3A7D0CEA212DE68C00F393CE /* Copy Frameworks */,
			);
			buildRules = (
			);
			dependencies = (
				3A7D0C27212B307100F393CE /* PBXTargetDependency */,
			);
			name = MarvelTests;
			productName = MarvelTests;
			productReference = 3A7D0C25212B307100F393CE /* MarvelTests.xctest */;
			productType = "com.apple.product-type.bundle.unit-test";
		};
		3A7D0C2F212B307100F393CE /* MarvelUITests */ = {
			isa = PBXNativeTarget;
			buildConfigurationList = 3A7D0C3F212B307100F393CE /* Build configuration list for PBXNativeTarget "MarvelUITests" */;
			buildPhases = (
				3A7D0C2C212B307100F393CE /* Sources */,
				3A7D0C2D212B307100F393CE /* Frameworks */,
				3A7D0C2E212B307100F393CE /* Resources */,
				3A7D0CEE212DE6EE00F393CE /* Copy Frameworks */,
			);
			buildRules = (
			);
			dependencies = (
				3A7D0C32212B307100F393CE /* PBXTargetDependency */,
			);
			name = MarvelUITests;
			productName = MarvelUITests;
			productReference = 3A7D0C30212B307100F393CE /* MarvelUITests.xctest */;
			productType = "com.apple.product-type.bundle.ui-testing";
		};
/* End PBXNativeTarget section */

/* Begin PBXProject section */
		3A7D0C09212B306E00F393CE /* Project object */ = {
			isa = PBXProject;
			attributes = {
				LastSwiftUpdateCheck = 0940;
				LastUpgradeCheck = 0940;
				ORGANIZATIONNAME = msluz;
				TargetAttributes = {
					3A7D0C10212B306E00F393CE = {
						CreatedOnToolsVersion = 9.4.1;
						LastSwiftMigration = 0940;
					};
					3A7D0C24212B307100F393CE = {
						CreatedOnToolsVersion = 9.4.1;
						LastSwiftMigration = 0940;
						TestTargetID = 3A7D0C10212B306E00F393CE;
					};
					3A7D0C2F212B307100F393CE = {
						CreatedOnToolsVersion = 9.4.1;
						LastSwiftMigration = 0940;
						TestTargetID = 3A7D0C10212B306E00F393CE;
					};
				};
			};
			buildConfigurationList = 3A7D0C0C212B306E00F393CE /* Build configuration list for PBXProject "Marvel" */;
			compatibilityVersion = "Xcode 9.3";
			developmentRegion = en;
			hasScannedForEncodings = 0;
			knownRegions = (
				en,
				Base,
			);
			mainGroup = 3A7D0C08212B306E00F393CE;
			productRefGroup = 3A7D0C12212B306E00F393CE /* Products */;
			projectDirPath = "";
			projectRoot = "";
			targets = (
				3A7D0C10212B306E00F393CE /* Marvel */,
				3A7D0C24212B307100F393CE /* MarvelTests */,
				3A7D0C2F212B307100F393CE /* MarvelUITests */,
			);
		};
/* End PBXProject section */

/* Begin PBXResourcesBuildPhase section */
		3A7D0C0F212B306E00F393CE /* Resources */ = {
			isa = PBXResourcesBuildPhase;
			buildActionMask = 2147483647;
			files = (
				3A7D0CB9212C22A600F393CE /* CharactersCollectionViewCell.xib in Resources */,
				3A7D0CCA212C6A6B00F393CE /* CollectionViewFooter.xib in Resources */,
				40BEAFD9212CD026006D8B04 /* CharacterDetailStickyHeader.xib in Resources */,
				40BEB034212E32CD006D8B04 /* ErrorView.xib in Resources */,
				40BEB02B212E2083006D8B04 /* CharacterDetailTableViewCell.xib in Resources */,
				40BEAFEE212CEA3B006D8B04 /* CharacterDetailTableViewHeader.xib in Resources */,
				40BEAFE5212CD3D0006D8B04 /* CharacterDetailViewController.xib in Resources */,
				3A7D0CB0212C20CE00F393CE /* CharactersViewController.xib in Resources */,
				40BEB01E212D9197006D8B04 /* CharacterDetailTableViewSectionHeader.xib in Resources */,
				3A7D0C1F212B307000F393CE /* LaunchScreen.storyboard in Resources */,
				3A7D0CFF212DEE5F00F393CE /* Info.plist in Resources */,
				3A7D0C1C212B307000F393CE /* Assets.xcassets in Resources */,
			);
			runOnlyForDeploymentPostprocessing = 0;
		};
		3A7D0C23212B307100F393CE /* Resources */ = {
			isa = PBXResourcesBuildPhase;
			buildActionMask = 2147483647;
			files = (
				3A7D0CE9212DE30400F393CE /* SuccessfulComic.json in Resources */,
				40BEAFDA212CD026006D8B04 /* CharacterDetailStickyHeader.xib in Resources */,
				40BEB01F212D9197006D8B04 /* CharacterDetailTableViewSectionHeader.xib in Resources */,
				3A7D0CBA212C22A600F393CE /* CharactersCollectionViewCell.xib in Resources */,
				3A7D0CCB212C6A6B00F393CE /* CollectionViewFooter.xib in Resources */,
				40BEAFEF212CEA3B006D8B04 /* CharacterDetailTableViewHeader.xib in Resources */,
				40BEB02C212E2083006D8B04 /* CharacterDetailTableViewCell.xib in Resources */,
				3A7D0CE4212DE1F600F393CE /* SuccessfulCharacter.json in Resources */,
				3A7D0CDA212DDC4500F393CE /* SuccessfulCharacters.json in Resources */,
				3A7D0D00212DEE7A00F393CE /* Info.plist in Resources */,
				40BEAFE6212CD3D0006D8B04 /* CharacterDetailViewController.xib in Resources */,
				40BEB035212E32CD006D8B04 /* ErrorView.xib in Resources */,
				3A7D0CB1212C20CE00F393CE /* CharactersViewController.xib in Resources */,
				3A7D0CDE212DE04600F393CE /* WrongParamsCharacters.json in Resources */,
			);
			runOnlyForDeploymentPostprocessing = 0;
		};
		3A7D0C2E212B307100F393CE /* Resources */ = {
			isa = PBXResourcesBuildPhase;
			buildActionMask = 2147483647;
			files = (
				40BEB02D212E2083006D8B04 /* CharacterDetailTableViewCell.xib in Resources */,
				40BEAFDB212CD026006D8B04 /* CharacterDetailStickyHeader.xib in Resources */,
				40BEB020212D9197006D8B04 /* CharacterDetailTableViewSectionHeader.xib in Resources */,
				3A7D0CBB212C22A600F393CE /* CharactersCollectionViewCell.xib in Resources */,
				3A7D0CCC212C6A6B00F393CE /* CollectionViewFooter.xib in Resources */,
				40BEAFF0212CEA3B006D8B04 /* CharacterDetailTableViewHeader.xib in Resources */,
				40BEB036212E32CD006D8B04 /* ErrorView.xib in Resources */,
				40BEAFE7212CD3D0006D8B04 /* CharacterDetailViewController.xib in Resources */,
				3A7D0CB2212C20CE00F393CE /* CharactersViewController.xib in Resources */,
			);
			runOnlyForDeploymentPostprocessing = 0;
		};
/* End PBXResourcesBuildPhase section */

/* Begin PBXSourcesBuildPhase section */
		3A7D0C0D212B306E00F393CE /* Sources */ = {
			isa = PBXSourcesBuildPhase;
			buildActionMask = 2147483647;
			files = (
				3A7D0CA2212C181000F393CE /* CharactersViewModel.swift in Sources */,
				40BEAFCD212CBF5E006D8B04 /* Comic.swift in Sources */,
				3A7D0C99212B503600F393CE /* Character.swift in Sources */,
				3A7D0C86212B435D00F393CE /* CharactersRoutes.swift in Sources */,
				40BEAFDD212CD032006D8B04 /* CharacterDetailStickyHeader.swift in Sources */,
				40BEAFE9212CD4F4006D8B04 /* UINavigationController+Transparency.swift in Sources */,
				40BEAFFC212D8844006D8B04 /* AppCoordinator.swift in Sources */,
				40BEB014212D8DBB006D8B04 /* UIFont+AppFont.swift in Sources */,
				40BEAFE2212CD3D0006D8B04 /* CharacterDetailViewController.swift in Sources */,
				40BEB004212D886C006D8B04 /* Coordinator.swift in Sources */,
				40BEB01A212D9188006D8B04 /* CharacterDetailTableViewSectionHeader.swift in Sources */,
				40BEB022212D9A44006D8B04 /* UIColor+AppColors.swift in Sources */,
				3A7D0CB6212C22A600F393CE /* CharactersCollectionViewCell.swift in Sources */,
				40BEAFD2212CC79F006D8B04 /* String+Thumbnail.swift in Sources */,
				3A7D0C7C212B42AC00F393CE /* Constants.swift in Sources */,
				40BEB038212E3403006D8B04 /* ErrorView.swift in Sources */,
				40BEB008212D88A9006D8B04 /* CharactersCoordinator.swift in Sources */,
				3A7D0C8B212B4D2E00F393CE /* String+MD5.swift in Sources */,
				3A7D0C82212B432E00F393CE /* CharactersAPI.swift in Sources */,
				40BEAFC1212CBCB2006D8B04 /* CharacterDetailViewModel.swift in Sources */,
				40BEAFF2212CEA55006D8B04 /* CharacterDetailTableViewHeader.swift in Sources */,
				40BEB010212D8D23006D8B04 /* AppNavigationController.swift in Sources */,
				3A7D0C67212B3FB800F393CE /* APIWorker.swift in Sources */,
				3A7D0CC7212C6A6B00F393CE /* CollectionViewFooter.swift in Sources */,
				3A7D0C6B212B3FCC00F393CE /* APIConfig.swift in Sources */,
				40BEB028212E2083006D8B04 /* CharacterDetailTableViewCell.swift in Sources */,
				40BEAFF7212CFB37006D8B04 /* String+Height.swift in Sources */,
				3A7D0C15212B306E00F393CE /* AppDelegate.swift in Sources */,
				3A7D0C9D212C144C00F393CE /* Characters.swift in Sources */,
				40BEB00C212D8C0A006D8B04 /* CharacterDetailCoordinator.swift in Sources */,
				3A7D0CAD212C20CE00F393CE /* CharactersViewController.swift in Sources */,
			);
			runOnlyForDeploymentPostprocessing = 0;
		};
		3A7D0C21212B307100F393CE /* Sources */ = {
			isa = PBXSourcesBuildPhase;
			buildActionMask = 2147483647;
			files = (
				3A7D0C83212B432E00F393CE /* CharactersAPI.swift in Sources */,
				40BEAFCE212CBF5E006D8B04 /* Comic.swift in Sources */,
				3A7D0C68212B3FB800F393CE /* APIWorker.swift in Sources */,
				3A7D0C8C212B4D2E00F393CE /* String+MD5.swift in Sources */,
				40BEAFDE212CD032006D8B04 /* CharacterDetailStickyHeader.swift in Sources */,
				40BEAFEA212CD4F4006D8B04 /* UINavigationController+Transparency.swift in Sources */,
				40BEAFFD212D8844006D8B04 /* AppCoordinator.swift in Sources */,
				40BEB015212D8DBB006D8B04 /* UIFont+AppFont.swift in Sources */,
				40BEAFE3212CD3D0006D8B04 /* CharacterDetailViewController.swift in Sources */,
				3A7D0CD6212DD83A00F393CE /* CharactersTest.swift in Sources */,
				40BEB005212D886C006D8B04 /* Coordinator.swift in Sources */,
				40BEB01B212D9188006D8B04 /* CharacterDetailTableViewSectionHeader.swift in Sources */,
				40BEB023212D9A44006D8B04 /* UIColor+AppColors.swift in Sources */,
				3A7D0CB7212C22A600F393CE /* CharactersCollectionViewCell.swift in Sources */,
				40BEAFD3212CC79F006D8B04 /* String+Thumbnail.swift in Sources */,
				3A7D0C2A212B307100F393CE /* MarvelTests.swift in Sources */,
				40BEB009212D88A9006D8B04 /* CharactersCoordinator.swift in Sources */,
				3A7D0CA3212C181000F393CE /* CharactersViewModel.swift in Sources */,
				3A7D0C9E212C144C00F393CE /* Characters.swift in Sources */,
				40BEAFC2212CBCB2006D8B04 /* CharacterDetailViewModel.swift in Sources */,
				40BEAFF3212CEA55006D8B04 /* CharacterDetailTableViewHeader.swift in Sources */,
				3A7D0CE7212DE2E600F393CE /* ComicTest.swift in Sources */,
				40BEB011212D8D23006D8B04 /* AppNavigationController.swift in Sources */,
				3A7D0C87212B435D00F393CE /* CharactersRoutes.swift in Sources */,
				40BEB039212E3403006D8B04 /* ErrorView.swift in Sources */,
				3A7D0CC8212C6A6B00F393CE /* CollectionViewFooter.swift in Sources */,
				3A7D0CAE212C20CE00F393CE /* CharactersViewController.swift in Sources */,
				40BEAFF8212CFB37006D8B04 /* String+Height.swift in Sources */,
				40BEB029212E2083006D8B04 /* CharacterDetailTableViewCell.swift in Sources */,
				3A7D0CE2212DE1B200F393CE /* CharacterTest.swift in Sources */,
				3A7D0C6C212B3FCC00F393CE /* APIConfig.swift in Sources */,
				3A7D0C7D212B42AC00F393CE /* Constants.swift in Sources */,
				40BEB00D212D8C0A006D8B04 /* CharacterDetailCoordinator.swift in Sources */,
				3A7D0C9A212B503600F393CE /* Character.swift in Sources */,
			);
			runOnlyForDeploymentPostprocessing = 0;
		};
		3A7D0C2C212B307100F393CE /* Sources */ = {
			isa = PBXSourcesBuildPhase;
			buildActionMask = 2147483647;
			files = (
				3A7D0C84212B432E00F393CE /* CharactersAPI.swift in Sources */,
				40BEAFCF212CBF5E006D8B04 /* Comic.swift in Sources */,
				3A7D0C69212B3FB800F393CE /* APIWorker.swift in Sources */,
				3A7D0C8D212B4D2E00F393CE /* String+MD5.swift in Sources */,
				40BEAFDF212CD032006D8B04 /* CharacterDetailStickyHeader.swift in Sources */,
				40BEAFEB212CD4F4006D8B04 /* UINavigationController+Transparency.swift in Sources */,
				40BEAFFE212D8844006D8B04 /* AppCoordinator.swift in Sources */,
				40BEB016212D8DBB006D8B04 /* UIFont+AppFont.swift in Sources */,
				40BEAFE4212CD3D0006D8B04 /* CharacterDetailViewController.swift in Sources */,
				40BEB006212D886C006D8B04 /* Coordinator.swift in Sources */,
				40BEB01C212D9188006D8B04 /* CharacterDetailTableViewSectionHeader.swift in Sources */,
				40BEB024212D9A44006D8B04 /* UIColor+AppColors.swift in Sources */,
				3A7D0CB8212C22A600F393CE /* CharactersCollectionViewCell.swift in Sources */,
				40BEAFD4212CC79F006D8B04 /* String+Thumbnail.swift in Sources */,
				3A7D0C35212B307100F393CE /* MarvelUITests.swift in Sources */,
				40BEB03A212E3403006D8B04 /* ErrorView.swift in Sources */,
				40BEB00A212D88A9006D8B04 /* CharactersCoordinator.swift in Sources */,
				3A7D0CA4212C181000F393CE /* CharactersViewModel.swift in Sources */,
				3A7D0C9F212C144C00F393CE /* Characters.swift in Sources */,
				40BEAFC3212CBCB2006D8B04 /* CharacterDetailViewModel.swift in Sources */,
				40BEAFF4212CEA55006D8B04 /* CharacterDetailTableViewHeader.swift in Sources */,
				40BEB012212D8D23006D8B04 /* AppNavigationController.swift in Sources */,
				3A7D0C88212B435D00F393CE /* CharactersRoutes.swift in Sources */,
				3A7D0CC9212C6A6B00F393CE /* CollectionViewFooter.swift in Sources */,
				3A7D0CAF212C20CE00F393CE /* CharactersViewController.swift in Sources */,
				40BEB02A212E2083006D8B04 /* CharacterDetailTableViewCell.swift in Sources */,
				40BEAFF9212CFB37006D8B04 /* String+Height.swift in Sources */,
				3A7D0C6D212B3FCC00F393CE /* APIConfig.swift in Sources */,
				3A7D0C7E212B42AC00F393CE /* Constants.swift in Sources */,
				40BEB00E212D8C0A006D8B04 /* CharacterDetailCoordinator.swift in Sources */,
				3A7D0C9B212B503600F393CE /* Character.swift in Sources */,
			);
			runOnlyForDeploymentPostprocessing = 0;
		};
/* End PBXSourcesBuildPhase section */

/* Begin PBXTargetDependency section */
		3A7D0C27212B307100F393CE /* PBXTargetDependency */ = {
			isa = PBXTargetDependency;
			target = 3A7D0C10212B306E00F393CE /* Marvel */;
			targetProxy = 3A7D0C26212B307100F393CE /* PBXContainerItemProxy */;
		};
		3A7D0C32212B307100F393CE /* PBXTargetDependency */ = {
			isa = PBXTargetDependency;
			target = 3A7D0C10212B306E00F393CE /* Marvel */;
			targetProxy = 3A7D0C31212B307100F393CE /* PBXContainerItemProxy */;
		};
/* End PBXTargetDependency section */

/* Begin PBXVariantGroup section */
		3A7D0C1D212B307000F393CE /* LaunchScreen.storyboard */ = {
			isa = PBXVariantGroup;
			children = (
				3A7D0C1E212B307000F393CE /* Base */,
			);
			name = LaunchScreen.storyboard;
			sourceTree = "<group>";
		};
/* End PBXVariantGroup section */

/* Begin XCBuildConfiguration section */
		3A7D0C37212B307100F393CE /* Debug */ = {
			isa = XCBuildConfiguration;
			buildSettings = {
				ALWAYS_SEARCH_USER_PATHS = NO;
				CLANG_ANALYZER_NONNULL = YES;
				CLANG_ANALYZER_NUMBER_OBJECT_CONVERSION = YES_AGGRESSIVE;
				CLANG_CXX_LANGUAGE_STANDARD = "gnu++14";
				CLANG_CXX_LIBRARY = "libc++";
				CLANG_ENABLE_MODULES = YES;
				CLANG_ENABLE_OBJC_ARC = YES;
				CLANG_ENABLE_OBJC_WEAK = YES;
				CLANG_WARN_BLOCK_CAPTURE_AUTORELEASING = YES;
				CLANG_WARN_BOOL_CONVERSION = YES;
				CLANG_WARN_COMMA = YES;
				CLANG_WARN_CONSTANT_CONVERSION = YES;
				CLANG_WARN_DEPRECATED_OBJC_IMPLEMENTATIONS = YES;
				CLANG_WARN_DIRECT_OBJC_ISA_USAGE = YES_ERROR;
				CLANG_WARN_DOCUMENTATION_COMMENTS = YES;
				CLANG_WARN_EMPTY_BODY = YES;
				CLANG_WARN_ENUM_CONVERSION = YES;
				CLANG_WARN_INFINITE_RECURSION = YES;
				CLANG_WARN_INT_CONVERSION = YES;
				CLANG_WARN_NON_LITERAL_NULL_CONVERSION = YES;
				CLANG_WARN_OBJC_IMPLICIT_RETAIN_SELF = YES;
				CLANG_WARN_OBJC_LITERAL_CONVERSION = YES;
				CLANG_WARN_OBJC_ROOT_CLASS = YES_ERROR;
				CLANG_WARN_RANGE_LOOP_ANALYSIS = YES;
				CLANG_WARN_STRICT_PROTOTYPES = YES;
				CLANG_WARN_SUSPICIOUS_MOVE = YES;
				CLANG_WARN_UNGUARDED_AVAILABILITY = YES_AGGRESSIVE;
				CLANG_WARN_UNREACHABLE_CODE = YES;
				CLANG_WARN__DUPLICATE_METHOD_MATCH = YES;
				CODE_SIGN_IDENTITY = "iPhone Developer";
				COPY_PHASE_STRIP = NO;
				DEBUG_INFORMATION_FORMAT = dwarf;
				ENABLE_STRICT_OBJC_MSGSEND = YES;
				ENABLE_TESTABILITY = YES;
				GCC_C_LANGUAGE_STANDARD = gnu11;
				GCC_DYNAMIC_NO_PIC = NO;
				GCC_NO_COMMON_BLOCKS = YES;
				GCC_OPTIMIZATION_LEVEL = 0;
				GCC_PREPROCESSOR_DEFINITIONS = (
					"DEBUG=1",
					"$(inherited)",
				);
				GCC_WARN_64_TO_32_BIT_CONVERSION = YES;
				GCC_WARN_ABOUT_RETURN_TYPE = YES_ERROR;
				GCC_WARN_UNDECLARED_SELECTOR = YES;
				GCC_WARN_UNINITIALIZED_AUTOS = YES_AGGRESSIVE;
				GCC_WARN_UNUSED_FUNCTION = YES;
				GCC_WARN_UNUSED_VARIABLE = YES;
				IPHONEOS_DEPLOYMENT_TARGET = 11.4;
				MTL_ENABLE_DEBUG_INFO = YES;
				ONLY_ACTIVE_ARCH = YES;
				SDKROOT = iphoneos;
				SWIFT_ACTIVE_COMPILATION_CONDITIONS = DEBUG;
				SWIFT_OPTIMIZATION_LEVEL = "-Onone";
			};
			name = Debug;
		};
		3A7D0C38212B307100F393CE /* Release */ = {
			isa = XCBuildConfiguration;
			buildSettings = {
				ALWAYS_SEARCH_USER_PATHS = NO;
				CLANG_ANALYZER_NONNULL = YES;
				CLANG_ANALYZER_NUMBER_OBJECT_CONVERSION = YES_AGGRESSIVE;
				CLANG_CXX_LANGUAGE_STANDARD = "gnu++14";
				CLANG_CXX_LIBRARY = "libc++";
				CLANG_ENABLE_MODULES = YES;
				CLANG_ENABLE_OBJC_ARC = YES;
				CLANG_ENABLE_OBJC_WEAK = YES;
				CLANG_WARN_BLOCK_CAPTURE_AUTORELEASING = YES;
				CLANG_WARN_BOOL_CONVERSION = YES;
				CLANG_WARN_COMMA = YES;
				CLANG_WARN_CONSTANT_CONVERSION = YES;
				CLANG_WARN_DEPRECATED_OBJC_IMPLEMENTATIONS = YES;
				CLANG_WARN_DIRECT_OBJC_ISA_USAGE = YES_ERROR;
				CLANG_WARN_DOCUMENTATION_COMMENTS = YES;
				CLANG_WARN_EMPTY_BODY = YES;
				CLANG_WARN_ENUM_CONVERSION = YES;
				CLANG_WARN_INFINITE_RECURSION = YES;
				CLANG_WARN_INT_CONVERSION = YES;
				CLANG_WARN_NON_LITERAL_NULL_CONVERSION = YES;
				CLANG_WARN_OBJC_IMPLICIT_RETAIN_SELF = YES;
				CLANG_WARN_OBJC_LITERAL_CONVERSION = YES;
				CLANG_WARN_OBJC_ROOT_CLASS = YES_ERROR;
				CLANG_WARN_RANGE_LOOP_ANALYSIS = YES;
				CLANG_WARN_STRICT_PROTOTYPES = YES;
				CLANG_WARN_SUSPICIOUS_MOVE = YES;
				CLANG_WARN_UNGUARDED_AVAILABILITY = YES_AGGRESSIVE;
				CLANG_WARN_UNREACHABLE_CODE = YES;
				CLANG_WARN__DUPLICATE_METHOD_MATCH = YES;
				CODE_SIGN_IDENTITY = "iPhone Developer";
				COPY_PHASE_STRIP = NO;
				DEBUG_INFORMATION_FORMAT = "dwarf-with-dsym";
				ENABLE_NS_ASSERTIONS = NO;
				ENABLE_STRICT_OBJC_MSGSEND = YES;
				GCC_C_LANGUAGE_STANDARD = gnu11;
				GCC_NO_COMMON_BLOCKS = YES;
				GCC_WARN_64_TO_32_BIT_CONVERSION = YES;
				GCC_WARN_ABOUT_RETURN_TYPE = YES_ERROR;
				GCC_WARN_UNDECLARED_SELECTOR = YES;
				GCC_WARN_UNINITIALIZED_AUTOS = YES_AGGRESSIVE;
				GCC_WARN_UNUSED_FUNCTION = YES;
				GCC_WARN_UNUSED_VARIABLE = YES;
				IPHONEOS_DEPLOYMENT_TARGET = 11.4;
				MTL_ENABLE_DEBUG_INFO = NO;
				SDKROOT = iphoneos;
				SWIFT_COMPILATION_MODE = wholemodule;
				SWIFT_OPTIMIZATION_LEVEL = "-O";
				VALIDATE_PRODUCT = YES;
			};
			name = Release;
		};
		3A7D0C3A212B307100F393CE /* Debug */ = {
			isa = XCBuildConfiguration;
			buildSettings = {
				ASSETCATALOG_COMPILER_APPICON_NAME = AppIcon;
				CLANG_ENABLE_MODULES = YES;
				CODE_SIGN_STYLE = Automatic;
				FRAMEWORK_SEARCH_PATHS = (
					"$(inherited)",
					"$(PROJECT_DIR)/Carthage/Build/iOS",
				);
				INFOPLIST_FILE = Marvel/Resources/Info.plist;
				IPHONEOS_DEPLOYMENT_TARGET = 10.0;
				LD_RUNPATH_SEARCH_PATHS = (
					"$(inherited)",
					"@executable_path/Frameworks",
				);
				PRODUCT_BUNDLE_IDENTIFIER = msluz.Marvel;
				PRODUCT_NAME = "$(TARGET_NAME)";
				SWIFT_OBJC_BRIDGING_HEADER = "Marvel/Resources/Marvel-Bridging-Header.h";
				SWIFT_OPTIMIZATION_LEVEL = "-Onone";
				SWIFT_VERSION = 4.0;
				TARGETED_DEVICE_FAMILY = "1,2";
			};
			name = Debug;
		};
		3A7D0C3B212B307100F393CE /* Release */ = {
			isa = XCBuildConfiguration;
			buildSettings = {
				ASSETCATALOG_COMPILER_APPICON_NAME = AppIcon;
				CLANG_ENABLE_MODULES = YES;
				CODE_SIGN_STYLE = Automatic;
				FRAMEWORK_SEARCH_PATHS = (
					"$(inherited)",
					"$(PROJECT_DIR)/Carthage/Build/iOS",
				);
				INFOPLIST_FILE = Marvel/Resources/Info.plist;
				IPHONEOS_DEPLOYMENT_TARGET = 10.0;
				LD_RUNPATH_SEARCH_PATHS = (
					"$(inherited)",
					"@executable_path/Frameworks",
				);
				PRODUCT_BUNDLE_IDENTIFIER = msluz.Marvel;
				PRODUCT_NAME = "$(TARGET_NAME)";
				SWIFT_OBJC_BRIDGING_HEADER = "Marvel/Resources/Marvel-Bridging-Header.h";
				SWIFT_VERSION = 4.0;
				TARGETED_DEVICE_FAMILY = "1,2";
			};
			name = Release;
		};
		3A7D0C3D212B307100F393CE /* Debug */ = {
			isa = XCBuildConfiguration;
			buildSettings = {
				ALWAYS_EMBED_SWIFT_STANDARD_LIBRARIES = YES;
				BUNDLE_LOADER = "$(TEST_HOST)";
				CLANG_ENABLE_MODULES = YES;
				CODE_SIGN_STYLE = Automatic;
				FRAMEWORK_SEARCH_PATHS = (
					"$(inherited)",
					"$(PROJECT_DIR)/Carthage/Build/iOS",
				);
				INFOPLIST_FILE = MarvelTests/Info.plist;
				LD_RUNPATH_SEARCH_PATHS = (
					"$(inherited)",
					"@executable_path/Frameworks",
					"@loader_path/Frameworks",
				);
				PRODUCT_BUNDLE_IDENTIFIER = msluz.MarvelTests;
				PRODUCT_NAME = "$(TARGET_NAME)";
				SWIFT_OBJC_BRIDGING_HEADER = "Marvel/Resources/MarvelTests-Bridging-Header.h";
				SWIFT_OPTIMIZATION_LEVEL = "-Onone";
				SWIFT_VERSION = 4.0;
				TARGETED_DEVICE_FAMILY = "1,2";
				TEST_HOST = "$(BUILT_PRODUCTS_DIR)/Marvel.app/Marvel";
			};
			name = Debug;
		};
		3A7D0C3E212B307100F393CE /* Release */ = {
			isa = XCBuildConfiguration;
			buildSettings = {
				ALWAYS_EMBED_SWIFT_STANDARD_LIBRARIES = YES;
				BUNDLE_LOADER = "$(TEST_HOST)";
				CLANG_ENABLE_MODULES = YES;
				CODE_SIGN_STYLE = Automatic;
				FRAMEWORK_SEARCH_PATHS = (
					"$(inherited)",
					"$(PROJECT_DIR)/Carthage/Build/iOS",
				);
				INFOPLIST_FILE = MarvelTests/Info.plist;
				LD_RUNPATH_SEARCH_PATHS = (
					"$(inherited)",
					"@executable_path/Frameworks",
					"@loader_path/Frameworks",
				);
				PRODUCT_BUNDLE_IDENTIFIER = msluz.MarvelTests;
				PRODUCT_NAME = "$(TARGET_NAME)";
				SWIFT_OBJC_BRIDGING_HEADER = "Marvel/Resources/MarvelTests-Bridging-Header.h";
				SWIFT_VERSION = 4.0;
				TARGETED_DEVICE_FAMILY = "1,2";
				TEST_HOST = "$(BUILT_PRODUCTS_DIR)/Marvel.app/Marvel";
			};
			name = Release;
		};
		3A7D0C40212B307100F393CE /* Debug */ = {
			isa = XCBuildConfiguration;
			buildSettings = {
				ALWAYS_EMBED_SWIFT_STANDARD_LIBRARIES = YES;
				CLANG_ENABLE_MODULES = YES;
				CODE_SIGN_STYLE = Automatic;
				FRAMEWORK_SEARCH_PATHS = (
					"$(inherited)",
					"$(PROJECT_DIR)/Carthage/Build/iOS",
				);
				INFOPLIST_FILE = MarvelUITests/Info.plist;
				LD_RUNPATH_SEARCH_PATHS = (
					"$(inherited)",
					"@executable_path/Frameworks",
					"@loader_path/Frameworks",
				);
				PRODUCT_BUNDLE_IDENTIFIER = msluz.MarvelUITests;
				PRODUCT_NAME = "$(TARGET_NAME)";
				SWIFT_OBJC_BRIDGING_HEADER = "Marvel/Resources/MarvelUITests-Bridging-Header.h";
				SWIFT_OPTIMIZATION_LEVEL = "-Onone";
				SWIFT_VERSION = 4.0;
				TARGETED_DEVICE_FAMILY = "1,2";
				TEST_TARGET_NAME = Marvel;
			};
			name = Debug;
		};
		3A7D0C41212B307100F393CE /* Release */ = {
			isa = XCBuildConfiguration;
			buildSettings = {
				ALWAYS_EMBED_SWIFT_STANDARD_LIBRARIES = YES;
				CLANG_ENABLE_MODULES = YES;
				CODE_SIGN_STYLE = Automatic;
				FRAMEWORK_SEARCH_PATHS = (
					"$(inherited)",
					"$(PROJECT_DIR)/Carthage/Build/iOS",
				);
				INFOPLIST_FILE = MarvelUITests/Info.plist;
				LD_RUNPATH_SEARCH_PATHS = (
					"$(inherited)",
					"@executable_path/Frameworks",
					"@loader_path/Frameworks",
				);
				PRODUCT_BUNDLE_IDENTIFIER = msluz.MarvelUITests;
				PRODUCT_NAME = "$(TARGET_NAME)";
				SWIFT_OBJC_BRIDGING_HEADER = "Marvel/Resources/MarvelUITests-Bridging-Header.h";
				SWIFT_VERSION = 4.0;
				TARGETED_DEVICE_FAMILY = "1,2";
				TEST_TARGET_NAME = Marvel;
			};
			name = Release;
		};
/* End XCBuildConfiguration section */

/* Begin XCConfigurationList section */
		3A7D0C0C212B306E00F393CE /* Build configuration list for PBXProject "Marvel" */ = {
			isa = XCConfigurationList;
			buildConfigurations = (
				3A7D0C37212B307100F393CE /* Debug */,
				3A7D0C38212B307100F393CE /* Release */,
			);
			defaultConfigurationIsVisible = 0;
			defaultConfigurationName = Release;
		};
		3A7D0C39212B307100F393CE /* Build configuration list for PBXNativeTarget "Marvel" */ = {
			isa = XCConfigurationList;
			buildConfigurations = (
				3A7D0C3A212B307100F393CE /* Debug */,
				3A7D0C3B212B307100F393CE /* Release */,
			);
			defaultConfigurationIsVisible = 0;
			defaultConfigurationName = Release;
		};
		3A7D0C3C212B307100F393CE /* Build configuration list for PBXNativeTarget "MarvelTests" */ = {
			isa = XCConfigurationList;
			buildConfigurations = (
				3A7D0C3D212B307100F393CE /* Debug */,
				3A7D0C3E212B307100F393CE /* Release */,
			);
			defaultConfigurationIsVisible = 0;
			defaultConfigurationName = Release;
		};
		3A7D0C3F212B307100F393CE /* Build configuration list for PBXNativeTarget "MarvelUITests" */ = {
			isa = XCConfigurationList;
			buildConfigurations = (
				3A7D0C40212B307100F393CE /* Debug */,
				3A7D0C41212B307100F393CE /* Release */,
			);
			defaultConfigurationIsVisible = 0;
			defaultConfigurationName = Release;
		};
/* End XCConfigurationList section */
	};
	rootObject = 3A7D0C09212B306E00F393CE /* Project object */;
}
